// !$*UTF8*$!
{
	archiveVersion = 1;
	classes = {
	};
	objectVersion = 56;
	objects = {

/* Begin PBXBuildFile section */
		FC3B759D2B7C482700788891 /* Instruction_UserDefaults.swift in Sources */ = {isa = PBXBuildFile; fileRef = FC3B759C2B7C482700788891 /* Instruction_UserDefaults.swift */; };
		FC3B759F2B7C4AAD00788891 /* Codable.swift in Sources */ = {isa = PBXBuildFile; fileRef = FC3B759E2B7C4AAD00788891 /* Codable.swift */; };
		FC3B75A12B7D2E3F00788891 /* Practice_AddRemoveItems.swift in Sources */ = {isa = PBXBuildFile; fileRef = FC3B75A02B7D2E3F00788891 /* Practice_AddRemoveItems.swift */; };
		FC9EBB1D2B7DBD6100FDC39A /* AddView.swift in Sources */ = {isa = PBXBuildFile; fileRef = FC9EBB1C2B7DBD6100FDC39A /* AddView.swift */; };
		FC9EBB1F2B7DC1BB00FDC39A /* Practice_AddView.swift in Sources */ = {isa = PBXBuildFile; fileRef = FC9EBB1E2B7DC1BB00FDC39A /* Practice_AddView.swift */; };
		FCBE814E2B7A87F1009D2566 /* iExpenseApp.swift in Sources */ = {isa = PBXBuildFile; fileRef = FCBE814D2B7A87F1009D2566 /* iExpenseApp.swift */; };
		FCBE81502B7A87F1009D2566 /* ContentView.swift in Sources */ = {isa = PBXBuildFile; fileRef = FCBE814F2B7A87F1009D2566 /* ContentView.swift */; };
		FCBE81522B7A87F2009D2566 /* Assets.xcassets in Resources */ = {isa = PBXBuildFile; fileRef = FCBE81512B7A87F2009D2566 /* Assets.xcassets */; };
		FCBE81552B7A87F2009D2566 /* Preview Assets.xcassets in Resources */ = {isa = PBXBuildFile; fileRef = FCBE81542B7A87F2009D2566 /* Preview Assets.xcassets */; };
		FCBE815C2B7A8A5B009D2566 /* Instruction_Observable.swift in Sources */ = {isa = PBXBuildFile; fileRef = FCBE815B2B7A8A5B009D2566 /* Instruction_Observable.swift */; };
		FCBE815E2B7A8E4D009D2566 /* Instruction_Sheets.swift in Sources */ = {isa = PBXBuildFile; fileRef = FCBE815D2B7A8E4D009D2566 /* Instruction_Sheets.swift */; };
		FCBE81602B7A90CA009D2566 /* Instruction_onDelete.swift in Sources */ = {isa = PBXBuildFile; fileRef = FCBE815F2B7A90CA009D2566 /* Instruction_onDelete.swift */; };
/* End PBXBuildFile section */

/* Begin PBXFileReference section */
		FC3B759C2B7C482700788891 /* Instruction_UserDefaults.swift */ = {isa = PBXFileReference; lastKnownFileType = sourcecode.swift; path = Instruction_UserDefaults.swift; sourceTree = "<group>"; };
		FC3B759E2B7C4AAD00788891 /* Codable.swift */ = {isa = PBXFileReference; lastKnownFileType = sourcecode.swift; path = Codable.swift; sourceTree = "<group>"; };
		FC3B75A02B7D2E3F00788891 /* Practice_AddRemoveItems.swift */ = {isa = PBXFileReference; lastKnownFileType = sourcecode.swift; path = Practice_AddRemoveItems.swift; sourceTree = "<group>"; };
		FC9EBB1C2B7DBD6100FDC39A /* AddView.swift */ = {isa = PBXFileReference; lastKnownFileType = sourcecode.swift; path = AddView.swift; sourceTree = "<group>"; };
		FC9EBB1E2B7DC1BB00FDC39A /* Practice_AddView.swift */ = {isa = PBXFileReference; lastKnownFileType = sourcecode.swift; path = Practice_AddView.swift; sourceTree = "<group>"; };
		FCBE814A2B7A87F1009D2566 /* iExpense.app */ = {isa = PBXFileReference; explicitFileType = wrapper.application; includeInIndex = 0; path = iExpense.app; sourceTree = BUILT_PRODUCTS_DIR; };
		FCBE814D2B7A87F1009D2566 /* iExpenseApp.swift */ = {isa = PBXFileReference; lastKnownFileType = sourcecode.swift; path = iExpenseApp.swift; sourceTree = "<group>"; };
		FCBE814F2B7A87F1009D2566 /* ContentView.swift */ = {isa = PBXFileReference; lastKnownFileType = sourcecode.swift; path = ContentView.swift; sourceTree = "<group>"; };
		FCBE81512B7A87F2009D2566 /* Assets.xcassets */ = {isa = PBXFileReference; lastKnownFileType = folder.assetcatalog; path = Assets.xcassets; sourceTree = "<group>"; };
		FCBE81542B7A87F2009D2566 /* Preview Assets.xcassets */ = {isa = PBXFileReference; lastKnownFileType = folder.assetcatalog; path = "Preview Assets.xcassets"; sourceTree = "<group>"; };
		FCBE815B2B7A8A5B009D2566 /* Instruction_Observable.swift */ = {isa = PBXFileReference; lastKnownFileType = sourcecode.swift; path = Instruction_Observable.swift; sourceTree = "<group>"; };
		FCBE815D2B7A8E4D009D2566 /* Instruction_Sheets.swift */ = {isa = PBXFileReference; lastKnownFileType = sourcecode.swift; path = Instruction_Sheets.swift; sourceTree = "<group>"; };
		FCBE815F2B7A90CA009D2566 /* Instruction_onDelete.swift */ = {isa = PBXFileReference; lastKnownFileType = sourcecode.swift; path = Instruction_onDelete.swift; sourceTree = "<group>"; };
/* End PBXFileReference section */

/* Begin PBXFrameworksBuildPhase section */
		FCBE81472B7A87F1009D2566 /* Frameworks */ = {
			isa = PBXFrameworksBuildPhase;
			buildActionMask = 2147483647;
			files = (
			);
			runOnlyForDeploymentPostprocessing = 0;
		};
/* End PBXFrameworksBuildPhase section */

/* Begin PBXGroup section */
		FCBE81412B7A87F1009D2566 = {
			isa = PBXGroup;
			children = (
				FCBE814C2B7A87F1009D2566 /* iExpense */,
				FCBE814B2B7A87F1009D2566 /* Products */,
			);
			sourceTree = "<group>";
		};
		FCBE814B2B7A87F1009D2566 /* Products */ = {
			isa = PBXGroup;
			children = (
				FCBE814A2B7A87F1009D2566 /* iExpense.app */,
			);
			name = Products;
			sourceTree = "<group>";
		};
		FCBE814C2B7A87F1009D2566 /* iExpense */ = {
			isa = PBXGroup;
			children = (
				FCBE814D2B7A87F1009D2566 /* iExpenseApp.swift */,
				FCBE814F2B7A87F1009D2566 /* ContentView.swift */,
				FC9EBB1C2B7DBD6100FDC39A /* AddView.swift */,
				FC9EBB1E2B7DC1BB00FDC39A /* Practice_AddView.swift */,
				FC3B75A02B7D2E3F00788891 /* Practice_AddRemoveItems.swift */,
				FCBE815B2B7A8A5B009D2566 /* Instruction_Observable.swift */,
				FCBE815D2B7A8E4D009D2566 /* Instruction_Sheets.swift */,
				FCBE815F2B7A90CA009D2566 /* Instruction_onDelete.swift */,
				FC3B759C2B7C482700788891 /* Instruction_UserDefaults.swift */,
				FC3B759E2B7C4AAD00788891 /* Codable.swift */,
				FCBE81512B7A87F2009D2566 /* Assets.xcassets */,
				FCBE81532B7A87F2009D2566 /* Preview Content */,
			);
			path = iExpense;
			sourceTree = "<group>";
		};
		FCBE81532B7A87F2009D2566 /* Preview Content */ = {
			isa = PBXGroup;
			children = (
				FCBE81542B7A87F2009D2566 /* Preview Assets.xcassets */,
			);
			path = "Preview Content";
			sourceTree = "<group>";
		};
/* End PBXGroup section */

/* Begin PBXNativeTarget section */
		FCBE81492B7A87F1009D2566 /* iExpense */ = {
			isa = PBXNativeTarget;
			buildConfigurationList = FCBE81582B7A87F2009D2566 /* Build configuration list for PBXNativeTarget "iExpense" */;
			buildPhases = (
				FCBE81462B7A87F1009D2566 /* Sources */,
				FCBE81472B7A87F1009D2566 /* Frameworks */,
				FCBE81482B7A87F1009D2566 /* Resources */,
			);
			buildRules = (
			);
			dependencies = (
			);
			name = iExpense;
			productName = iExpense;
			productReference = FCBE814A2B7A87F1009D2566 /* iExpense.app */;
			productType = "com.apple.product-type.application";
		};
/* End PBXNativeTarget section */

/* Begin PBXProject section */
		FCBE81422B7A87F1009D2566 /* Project object */ = {
			isa = PBXProject;
			attributes = {
				BuildIndependentTargetsInParallel = 1;
				LastSwiftUpdateCheck = 1510;
				LastUpgradeCheck = 1510;
				TargetAttributes = {
					FCBE81492B7A87F1009D2566 = {
						CreatedOnToolsVersion = 15.1;
					};
				};
			};
			buildConfigurationList = FCBE81452B7A87F1009D2566 /* Build configuration list for PBXProject "iExpense" */;
			compatibilityVersion = "Xcode 14.0";
			developmentRegion = en;
			hasScannedForEncodings = 0;
			knownRegions = (
				en,
				Base,
			);
			mainGroup = FCBE81412B7A87F1009D2566;
			productRefGroup = FCBE814B2B7A87F1009D2566 /* Products */;
			projectDirPath = "";
			projectRoot = "";
			targets = (
				FCBE81492B7A87F1009D2566 /* iExpense */,
			);
		};
/* End PBXProject section */

/* Begin PBXResourcesBuildPhase section */
		FCBE81482B7A87F1009D2566 /* Resources */ = {
			isa = PBXResourcesBuildPhase;
			buildActionMask = 2147483647;
			files = (
				FCBE81552B7A87F2009D2566 /* Preview Assets.xcassets in Resources */,
				FCBE81522B7A87F2009D2566 /* Assets.xcassets in Resources */,
			);
			runOnlyForDeploymentPostprocessing = 0;
		};
/* End PBXResourcesBuildPhase section */

/* Begin PBXSourcesBuildPhase section */
		FCBE81462B7A87F1009D2566 /* Sources */ = {
			isa = PBXSourcesBuildPhase;
			buildActionMask = 2147483647;
			files = (
				FCBE815E2B7A8E4D009D2566 /* Instruction_Sheets.swift in Sources */,
				FCBE815C2B7A8A5B009D2566 /* Instruction_Observable.swift in Sources */,
				FC9EBB1D2B7DBD6100FDC39A /* AddView.swift in Sources */,
				FCBE81502B7A87F1009D2566 /* ContentView.swift in Sources */,
				FC3B75A12B7D2E3F00788891 /* Practice_AddRemoveItems.swift in Sources */,
				FC3B759D2B7C482700788891 /* Instruction_UserDefaults.swift in Sources */,
				FC3B759F2B7C4AAD00788891 /* Codable.swift in Sources */,
				FCBE81602B7A90CA009D2566 /* Instruction_onDelete.swift in Sources */,
				FCBE814E2B7A87F1009D2566 /* iExpenseApp.swift in Sources */,
				FC9EBB1F2B7DC1BB00FDC39A /* Practice_AddView.swift in Sources */,
			);
			runOnlyForDeploymentPostprocessing = 0;
		};
/* End PBXSourcesBuildPhase section */

/* Begin XCBuildConfiguration section */
		FCBE81562B7A87F2009D2566 /* Debug */ = {
			isa = XCBuildConfiguration;
			buildSettings = {
				ALWAYS_SEARCH_USER_PATHS = NO;
				ASSETCATALOG_COMPILER_GENERATE_SWIFT_ASSET_SYMBOL_EXTENSIONS = YES;
				CLANG_ANALYZER_NONNULL = YES;
				CLANG_ANALYZER_NUMBER_OBJECT_CONVERSION = YES_AGGRESSIVE;
				CLANG_CXX_LANGUAGE_STANDARD = "gnu++20";
				CLANG_ENABLE_MODULES = YES;
				CLANG_ENABLE_OBJC_ARC = YES;
				CLANG_ENABLE_OBJC_WEAK = YES;
				CLANG_WARN_BLOCK_CAPTURE_AUTORELEASING = YES;
				CLANG_WARN_BOOL_CONVERSION = YES;
				CLANG_WARN_COMMA = YES;
				CLANG_WARN_CONSTANT_CONVERSION = YES;
				CLANG_WARN_DEPRECATED_OBJC_IMPLEMENTATIONS = YES;
				CLANG_WARN_DIRECT_OBJC_ISA_USAGE = YES_ERROR;
				CLANG_WARN_DOCUMENTATION_COMMENTS = YES;
				CLANG_WARN_EMPTY_BODY = YES;
				CLANG_WARN_ENUM_CONVERSION = YES;
				CLANG_WARN_INFINITE_RECURSION = YES;
				CLANG_WARN_INT_CONVERSION = YES;
				CLANG_WARN_NON_LITERAL_NULL_CONVERSION = YES;
				CLANG_WARN_OBJC_IMPLICIT_RETAIN_SELF = YES;
				CLANG_WARN_OBJC_LITERAL_CONVERSION = YES;
				CLANG_WARN_OBJC_ROOT_CLASS = YES_ERROR;
				CLANG_WARN_QUOTED_INCLUDE_IN_FRAMEWORK_HEADER = YES;
				CLANG_WARN_RANGE_LOOP_ANALYSIS = YES;
				CLANG_WARN_STRICT_PROTOTYPES = YES;
				CLANG_WARN_SUSPICIOUS_MOVE = YES;
				CLANG_WARN_UNGUARDED_AVAILABILITY = YES_AGGRESSIVE;
				CLANG_WARN_UNREACHABLE_CODE = YES;
				CLANG_WARN__DUPLICATE_METHOD_MATCH = YES;
				COPY_PHASE_STRIP = NO;
				DEBUG_INFORMATION_FORMAT = dwarf;
				ENABLE_STRICT_OBJC_MSGSEND = YES;
				ENABLE_TESTABILITY = YES;
				ENABLE_USER_SCRIPT_SANDBOXING = YES;
				GCC_C_LANGUAGE_STANDARD = gnu17;
				GCC_DYNAMIC_NO_PIC = NO;
				GCC_NO_COMMON_BLOCKS = YES;
				GCC_OPTIMIZATION_LEVEL = 0;
				GCC_PREPROCESSOR_DEFINITIONS = (
					"DEBUG=1",
					"$(inherited)",
				);
				GCC_WARN_64_TO_32_BIT_CONVERSION = YES;
				GCC_WARN_ABOUT_RETURN_TYPE = YES_ERROR;
				GCC_WARN_UNDECLARED_SELECTOR = YES;
				GCC_WARN_UNINITIALIZED_AUTOS = YES_AGGRESSIVE;
				GCC_WARN_UNUSED_FUNCTION = YES;
				GCC_WARN_UNUSED_VARIABLE = YES;
				IPHONEOS_DEPLOYMENT_TARGET = 17.2;
				LOCALIZATION_PREFERS_STRING_CATALOGS = YES;
				MTL_ENABLE_DEBUG_INFO = INCLUDE_SOURCE;
				MTL_FAST_MATH = YES;
				ONLY_ACTIVE_ARCH = YES;
				SDKROOT = iphoneos;
				SWIFT_ACTIVE_COMPILATION_CONDITIONS = "DEBUG $(inherited)";
				SWIFT_OPTIMIZATION_LEVEL = "-Onone";
			};
			name = Debug;
		};
		FCBE81572B7A87F2009D2566 /* Release */ = {
			isa = XCBuildConfiguration;
			buildSettings = {
				ALWAYS_SEARCH_USER_PATHS = NO;
				ASSETCATALOG_COMPILER_GENERATE_SWIFT_ASSET_SYMBOL_EXTENSIONS = YES;
				CLANG_ANALYZER_NONNULL = YES;
				CLANG_ANALYZER_NUMBER_OBJECT_CONVERSION = YES_AGGRESSIVE;
				CLANG_CXX_LANGUAGE_STANDARD = "gnu++20";
				CLANG_ENABLE_MODULES = YES;
				CLANG_ENABLE_OBJC_ARC = YES;
				CLANG_ENABLE_OBJC_WEAK = YES;
				CLANG_WARN_BLOCK_CAPTURE_AUTORELEASING = YES;
				CLANG_WARN_BOOL_CONVERSION = YES;
				CLANG_WARN_COMMA = YES;
				CLANG_WARN_CONSTANT_CONVERSION = YES;
				CLANG_WARN_DEPRECATED_OBJC_IMPLEMENTATIONS = YES;
				CLANG_WARN_DIRECT_OBJC_ISA_USAGE = YES_ERROR;
				CLANG_WARN_DOCUMENTATION_COMMENTS = YES;
				CLANG_WARN_EMPTY_BODY = YES;
				CLANG_WARN_ENUM_CONVERSION = YES;
				CLANG_WARN_INFINITE_RECURSION = YES;
				CLANG_WARN_INT_CONVERSION = YES;
				CLANG_WARN_NON_LITERAL_NULL_CONVERSION = YES;
				CLANG_WARN_OBJC_IMPLICIT_RETAIN_SELF = YES;
				CLANG_WARN_OBJC_LITERAL_CONVERSION = YES;
				CLANG_WARN_OBJC_ROOT_CLASS = YES_ERROR;
				CLANG_WARN_QUOTED_INCLUDE_IN_FRAMEWORK_HEADER = YES;
				CLANG_WARN_RANGE_LOOP_ANALYSIS = YES;
				CLANG_WARN_STRICT_PROTOTYPES = YES;
				CLANG_WARN_SUSPICIOUS_MOVE = YES;
				CLANG_WARN_UNGUARDED_AVAILABILITY = YES_AGGRESSIVE;
				CLANG_WARN_UNREACHABLE_CODE = YES;
				CLANG_WARN__DUPLICATE_METHOD_MATCH = YES;
				COPY_PHASE_STRIP = NO;
				DEBUG_INFORMATION_FORMAT = "dwarf-with-dsym";
				ENABLE_NS_ASSERTIONS = NO;
				ENABLE_STRICT_OBJC_MSGSEND = YES;
				ENABLE_USER_SCRIPT_SANDBOXING = YES;
				GCC_C_LANGUAGE_STANDARD = gnu17;
				GCC_NO_COMMON_BLOCKS = YES;
				GCC_WARN_64_TO_32_BIT_CONVERSION = YES;
				GCC_WARN_ABOUT_RETURN_TYPE = YES_ERROR;
				GCC_WARN_UNDECLARED_SELECTOR = YES;
				GCC_WARN_UNINITIALIZED_AUTOS = YES_AGGRESSIVE;
				GCC_WARN_UNUSED_FUNCTION = YES;
				GCC_WARN_UNUSED_VARIABLE = YES;
				IPHONEOS_DEPLOYMENT_TARGET = 17.2;
				LOCALIZATION_PREFERS_STRING_CATALOGS = YES;
				MTL_ENABLE_DEBUG_INFO = NO;
				MTL_FAST_MATH = YES;
				SDKROOT = iphoneos;
				SWIFT_COMPILATION_MODE = wholemodule;
				VALIDATE_PRODUCT = YES;
			};
			name = Release;
		};
		FCBE81592B7A87F2009D2566 /* Debug */ = {
			isa = XCBuildConfiguration;
			buildSettings = {
				ASSETCATALOG_COMPILER_APPICON_NAME = AppIcon;
				ASSETCATALOG_COMPILER_GLOBAL_ACCENT_COLOR_NAME = AccentColor;
				CODE_SIGN_STYLE = Automatic;
				CURRENT_PROJECT_VERSION = 1;
				DEVELOPMENT_ASSET_PATHS = "\"iExpense/Preview Content\"";
				ENABLE_PREVIEWS = YES;
				GENERATE_INFOPLIST_FILE = YES;
				INFOPLIST_KEY_UIApplicationSceneManifest_Generation = YES;
				INFOPLIST_KEY_UIApplicationSupportsIndirectInputEvents = YES;
				INFOPLIST_KEY_UILaunchScreen_Generation = YES;
				INFOPLIST_KEY_UISupportedInterfaceOrientations_iPad = "UIInterfaceOrientationPortrait UIInterfaceOrientationPortraitUpsideDown UIInterfaceOrientationLandscapeLeft UIInterfaceOrientationLandscapeRight";
				INFOPLIST_KEY_UISupportedInterfaceOrientations_iPhone = "UIInterfaceOrientationPortrait UIInterfaceOrientationLandscapeLeft UIInterfaceOrientationLandscapeRight";
				LD_RUNPATH_SEARCH_PATHS = (
					"$(inherited)",
					"@executable_path/Frameworks",
				);
				MARKETING_VERSION = 1.0;
				PRODUCT_BUNDLE_IDENTIFIER = me.Stanton.David.iExpense;
				PRODUCT_NAME = "$(TARGET_NAME)";
				SWIFT_EMIT_LOC_STRINGS = YES;
				SWIFT_VERSION = 5.0;
				TARGETED_DEVICE_FAMILY = "1,2";
			};
			name = Debug;
		};
		FCBE815A2B7A87F2009D2566 /* Release */ = {
			isa = XCBuildConfiguration;
			buildSettings = {
				ASSETCATALOG_COMPILER_APPICON_NAME = AppIcon;
				ASSETCATALOG_COMPILER_GLOBAL_ACCENT_COLOR_NAME = AccentColor;
				CODE_SIGN_STYLE = Automatic;
				CURRENT_PROJECT_VERSION = 1;
				DEVELOPMENT_ASSET_PATHS = "\"iExpense/Preview Content\"";
				ENABLE_PREVIEWS = YES;
				GENERATE_INFOPLIST_FILE = YES;
				INFOPLIST_KEY_UIApplicationSceneManifest_Generation = YES;
				INFOPLIST_KEY_UIApplicationSupportsIndirectInputEvents = YES;
				INFOPLIST_KEY_UILaunchScreen_Generation = YES;
				INFOPLIST_KEY_UISupportedInterfaceOrientations_iPad = "UIInterfaceOrientationPortrait UIInterfaceOrientationPortraitUpsideDown UIInterfaceOrientationLandscapeLeft UIInterfaceOrientationLandscapeRight";
				INFOPLIST_KEY_UISupportedInterfaceOrientations_iPhone = "UIInterfaceOrientationPortrait UIInterfaceOrientationLandscapeLeft UIInterfaceOrientationLandscapeRight";
				LD_RUNPATH_SEARCH_PATHS = (
					"$(inherited)",
					"@executable_path/Frameworks",
				);
				MARKETING_VERSION = 1.0;
				PRODUCT_BUNDLE_IDENTIFIER = me.Stanton.David.iExpense;
				PRODUCT_NAME = "$(TARGET_NAME)";
				SWIFT_EMIT_LOC_STRINGS = YES;
				SWIFT_VERSION = 5.0;
				TARGETED_DEVICE_FAMILY = "1,2";
			};
			name = Release;
		};
/* End XCBuildConfiguration section */

/* Begin XCConfigurationList section */
		FCBE81452B7A87F1009D2566 /* Build configuration list for PBXProject "iExpense" */ = {
			isa = XCConfigurationList;
			buildConfigurations = (
				FCBE81562B7A87F2009D2566 /* Debug */,
				FCBE81572B7A87F2009D2566 /* Release */,
			);
			defaultConfigurationIsVisible = 0;
			defaultConfigurationName = Release;
		};
		FCBE81582B7A87F2009D2566 /* Build configuration list for PBXNativeTarget "iExpense" */ = {
			isa = XCConfigurationList;
			buildConfigurations = (
				FCBE81592B7A87F2009D2566 /* Debug */,
				FCBE815A2B7A87F2009D2566 /* Release */,
			);
			defaultConfigurationIsVisible = 0;
			defaultConfigurationName = Release;
		};
/* End XCConfigurationList section */
	};
	rootObject = FCBE81422B7A87F1009D2566 /* Project object */;
}
