// !$*UTF8*$!
{
	archiveVersion = 1;
	classes = {
	};
	objectVersion = 56;
	objects = {

/* Begin PBXBuildFile section */
		FCE653462BF7BD7E00EB4DCD /* SnowSeeker_4App.swift in Sources */ = {isa = PBXBuildFile; fileRef = FCE653452BF7BD7E00EB4DCD /* SnowSeeker_4App.swift */; };
		FCE653482BF7BD7E00EB4DCD /* ContentView.swift in Sources */ = {isa = PBXBuildFile; fileRef = FCE653472BF7BD7E00EB4DCD /* ContentView.swift */; };
		FCE6534A2BF7BD7F00EB4DCD /* Assets.xcassets in Resources */ = {isa = PBXBuildFile; fileRef = FCE653492BF7BD7F00EB4DCD /* Assets.xcassets */; };
		FCE6534D2BF7BD7F00EB4DCD /* Preview Assets.xcassets in Resources */ = {isa = PBXBuildFile; fileRef = FCE6534C2BF7BD7F00EB4DCD /* Preview Assets.xcassets */; };
		FCE653542BF7EED800EB4DCD /* resorts.json in Resources */ = {isa = PBXBuildFile; fileRef = FCE653532BF7EED800EB4DCD /* resorts.json */; };
		FCE653562BF7EEEC00EB4DCD /* Resort.swift in Sources */ = {isa = PBXBuildFile; fileRef = FCE653552BF7EEEC00EB4DCD /* Resort.swift */; };
		FCE653582BF7EFA500EB4DCD /* Bundle-Decodable.swift in Sources */ = {isa = PBXBuildFile; fileRef = FCE653572BF7EFA500EB4DCD /* Bundle-Decodable.swift */; };
		FCE6535A2BF7F20E00EB4DCD /* ResortView.swift in Sources */ = {isa = PBXBuildFile; fileRef = FCE653592BF7F20E00EB4DCD /* ResortView.swift */; };
		FCE6535C2BF7F21600EB4DCD /* SkiDetailsView.swift in Sources */ = {isa = PBXBuildFile; fileRef = FCE6535B2BF7F21600EB4DCD /* SkiDetailsView.swift */; };
		FCE6535E2BF7F21D00EB4DCD /* ResortDetailsView.swift in Sources */ = {isa = PBXBuildFile; fileRef = FCE6535D2BF7F21D00EB4DCD /* ResortDetailsView.swift */; };
		FCE653602BF7F22300EB4DCD /* Welcome View.swift in Sources */ = {isa = PBXBuildFile; fileRef = FCE6535F2BF7F22300EB4DCD /* Welcome View.swift */; };
		FCE653622BF7F22900EB4DCD /* Favorites.swift in Sources */ = {isa = PBXBuildFile; fileRef = FCE653612BF7F22900EB4DCD /* Favorites.swift */; };
		FCE653642BF7F22E00EB4DCD /* Facility.swift in Sources */ = {isa = PBXBuildFile; fileRef = FCE653632BF7F22E00EB4DCD /* Facility.swift */; };
/* End PBXBuildFile section */

/* Begin PBXFileReference section */
		FCE653422BF7BD7E00EB4DCD /* SnowSeeker_4.app */ = {isa = PBXFileReference; explicitFileType = wrapper.application; includeInIndex = 0; path = SnowSeeker_4.app; sourceTree = BUILT_PRODUCTS_DIR; };
		FCE653452BF7BD7E00EB4DCD /* SnowSeeker_4App.swift */ = {isa = PBXFileReference; lastKnownFileType = sourcecode.swift; path = SnowSeeker_4App.swift; sourceTree = "<group>"; };
		FCE653472BF7BD7E00EB4DCD /* ContentView.swift */ = {isa = PBXFileReference; lastKnownFileType = sourcecode.swift; path = ContentView.swift; sourceTree = "<group>"; };
		FCE653492BF7BD7F00EB4DCD /* Assets.xcassets */ = {isa = PBXFileReference; lastKnownFileType = folder.assetcatalog; path = Assets.xcassets; sourceTree = "<group>"; };
		FCE6534C2BF7BD7F00EB4DCD /* Preview Assets.xcassets */ = {isa = PBXFileReference; lastKnownFileType = folder.assetcatalog; path = "Preview Assets.xcassets"; sourceTree = "<group>"; };
		FCE653532BF7EED800EB4DCD /* resorts.json */ = {isa = PBXFileReference; fileEncoding = 4; lastKnownFileType = text.json; path = resorts.json; sourceTree = "<group>"; };
		FCE653552BF7EEEC00EB4DCD /* Resort.swift */ = {isa = PBXFileReference; lastKnownFileType = sourcecode.swift; path = Resort.swift; sourceTree = "<group>"; };
		FCE653572BF7EFA500EB4DCD /* Bundle-Decodable.swift */ = {isa = PBXFileReference; lastKnownFileType = sourcecode.swift; path = "Bundle-Decodable.swift"; sourceTree = "<group>"; };
		FCE653592BF7F20E00EB4DCD /* ResortView.swift */ = {isa = PBXFileReference; lastKnownFileType = sourcecode.swift; path = ResortView.swift; sourceTree = "<group>"; };
		FCE6535B2BF7F21600EB4DCD /* SkiDetailsView.swift */ = {isa = PBXFileReference; lastKnownFileType = sourcecode.swift; path = SkiDetailsView.swift; sourceTree = "<group>"; };
		FCE6535D2BF7F21D00EB4DCD /* ResortDetailsView.swift */ = {isa = PBXFileReference; lastKnownFileType = sourcecode.swift; path = ResortDetailsView.swift; sourceTree = "<group>"; };
		FCE6535F2BF7F22300EB4DCD /* Welcome View.swift */ = {isa = PBXFileReference; lastKnownFileType = sourcecode.swift; path = "Welcome View.swift"; sourceTree = "<group>"; };
		FCE653612BF7F22900EB4DCD /* Favorites.swift */ = {isa = PBXFileReference; lastKnownFileType = sourcecode.swift; path = Favorites.swift; sourceTree = "<group>"; };
		FCE653632BF7F22E00EB4DCD /* Facility.swift */ = {isa = PBXFileReference; lastKnownFileType = sourcecode.swift; path = Facility.swift; sourceTree = "<group>"; };
/* End PBXFileReference section */

/* Begin PBXFrameworksBuildPhase section */
		FCE6533F2BF7BD7E00EB4DCD /* Frameworks */ = {
			isa = PBXFrameworksBuildPhase;
			buildActionMask = 2147483647;
			files = (
			);
			runOnlyForDeploymentPostprocessing = 0;
		};
/* End PBXFrameworksBuildPhase section */

/* Begin PBXGroup section */
		FCE653392BF7BD7E00EB4DCD = {
			isa = PBXGroup;
			children = (
				FCE653442BF7BD7E00EB4DCD /* SnowSeeker_4 */,
				FCE653432BF7BD7E00EB4DCD /* Products */,
			);
			sourceTree = "<group>";
		};
		FCE653432BF7BD7E00EB4DCD /* Products */ = {
			isa = PBXGroup;
			children = (
				FCE653422BF7BD7E00EB4DCD /* SnowSeeker_4.app */,
			);
			name = Products;
			sourceTree = "<group>";
		};
		FCE653442BF7BD7E00EB4DCD /* SnowSeeker_4 */ = {
			isa = PBXGroup;
			children = (
				FCE653452BF7BD7E00EB4DCD /* SnowSeeker_4App.swift */,
				FCE653472BF7BD7E00EB4DCD /* ContentView.swift */,
				FCE653592BF7F20E00EB4DCD /* ResortView.swift */,
				FCE6535B2BF7F21600EB4DCD /* SkiDetailsView.swift */,
				FCE6535D2BF7F21D00EB4DCD /* ResortDetailsView.swift */,
				FCE6535F2BF7F22300EB4DCD /* Welcome View.swift */,
				FCE653532BF7EED800EB4DCD /* resorts.json */,
				FCE653612BF7F22900EB4DCD /* Favorites.swift */,
				FCE653552BF7EEEC00EB4DCD /* Resort.swift */,
				FCE653632BF7F22E00EB4DCD /* Facility.swift */,
				FCE653572BF7EFA500EB4DCD /* Bundle-Decodable.swift */,
				FCE653492BF7BD7F00EB4DCD /* Assets.xcassets */,
				FCE6534B2BF7BD7F00EB4DCD /* Preview Content */,
			);
			path = SnowSeeker_4;
			sourceTree = "<group>";
		};
		FCE6534B2BF7BD7F00EB4DCD /* Preview Content */ = {
			isa = PBXGroup;
			children = (
				FCE6534C2BF7BD7F00EB4DCD /* Preview Assets.xcassets */,
			);
			path = "Preview Content";
			sourceTree = "<group>";
		};
/* End PBXGroup section */

/* Begin PBXNativeTarget section */
		FCE653412BF7BD7E00EB4DCD /* SnowSeeker_4 */ = {
			isa = PBXNativeTarget;
			buildConfigurationList = FCE653502BF7BD7F00EB4DCD /* Build configuration list for PBXNativeTarget "SnowSeeker_4" */;
			buildPhases = (
				FCE6533E2BF7BD7E00EB4DCD /* Sources */,
				FCE6533F2BF7BD7E00EB4DCD /* Frameworks */,
				FCE653402BF7BD7E00EB4DCD /* Resources */,
			);
			buildRules = (
			);
			dependencies = (
			);
			name = SnowSeeker_4;
			productName = SnowSeeker_4;
			productReference = FCE653422BF7BD7E00EB4DCD /* SnowSeeker_4.app */;
			productType = "com.apple.product-type.application";
		};
/* End PBXNativeTarget section */

/* Begin PBXProject section */
		FCE6533A2BF7BD7E00EB4DCD /* Project object */ = {
			isa = PBXProject;
			attributes = {
				BuildIndependentTargetsInParallel = 1;
				LastSwiftUpdateCheck = 1530;
				LastUpgradeCheck = 1530;
				TargetAttributes = {
					FCE653412BF7BD7E00EB4DCD = {
						CreatedOnToolsVersion = 15.3;
					};
				};
			};
			buildConfigurationList = FCE6533D2BF7BD7E00EB4DCD /* Build configuration list for PBXProject "SnowSeeker_4" */;
			compatibilityVersion = "Xcode 14.0";
			developmentRegion = en;
			hasScannedForEncodings = 0;
			knownRegions = (
				en,
				Base,
			);
			mainGroup = FCE653392BF7BD7E00EB4DCD;
			productRefGroup = FCE653432BF7BD7E00EB4DCD /* Products */;
			projectDirPath = "";
			projectRoot = "";
			targets = (
				FCE653412BF7BD7E00EB4DCD /* SnowSeeker_4 */,
			);
		};
/* End PBXProject section */

/* Begin PBXResourcesBuildPhase section */
		FCE653402BF7BD7E00EB4DCD /* Resources */ = {
			isa = PBXResourcesBuildPhase;
			buildActionMask = 2147483647;
			files = (
				FCE653542BF7EED800EB4DCD /* resorts.json in Resources */,
				FCE6534D2BF7BD7F00EB4DCD /* Preview Assets.xcassets in Resources */,
				FCE6534A2BF7BD7F00EB4DCD /* Assets.xcassets in Resources */,
			);
			runOnlyForDeploymentPostprocessing = 0;
		};
/* End PBXResourcesBuildPhase section */

/* Begin PBXSourcesBuildPhase section */
		FCE6533E2BF7BD7E00EB4DCD /* Sources */ = {
			isa = PBXSourcesBuildPhase;
			buildActionMask = 2147483647;
			files = (
				FCE653622BF7F22900EB4DCD /* Favorites.swift in Sources */,
				FCE653482BF7BD7E00EB4DCD /* ContentView.swift in Sources */,
				FCE653642BF7F22E00EB4DCD /* Facility.swift in Sources */,
				FCE6535C2BF7F21600EB4DCD /* SkiDetailsView.swift in Sources */,
				FCE653562BF7EEEC00EB4DCD /* Resort.swift in Sources */,
				FCE6535A2BF7F20E00EB4DCD /* ResortView.swift in Sources */,
				FCE653602BF7F22300EB4DCD /* Welcome View.swift in Sources */,
				FCE653462BF7BD7E00EB4DCD /* SnowSeeker_4App.swift in Sources */,
				FCE6535E2BF7F21D00EB4DCD /* ResortDetailsView.swift in Sources */,
				FCE653582BF7EFA500EB4DCD /* Bundle-Decodable.swift in Sources */,
			);
			runOnlyForDeploymentPostprocessing = 0;
		};
/* End PBXSourcesBuildPhase section */

/* Begin XCBuildConfiguration section */
		FCE6534E2BF7BD7F00EB4DCD /* Debug */ = {
			isa = XCBuildConfiguration;
			buildSettings = {
				ALWAYS_SEARCH_USER_PATHS = NO;
				ASSETCATALOG_COMPILER_GENERATE_SWIFT_ASSET_SYMBOL_EXTENSIONS = YES;
				CLANG_ANALYZER_NONNULL = YES;
				CLANG_ANALYZER_NUMBER_OBJECT_CONVERSION = YES_AGGRESSIVE;
				CLANG_CXX_LANGUAGE_STANDARD = "gnu++20";
				CLANG_ENABLE_MODULES = YES;
				CLANG_ENABLE_OBJC_ARC = YES;
				CLANG_ENABLE_OBJC_WEAK = YES;
				CLANG_WARN_BLOCK_CAPTURE_AUTORELEASING = YES;
				CLANG_WARN_BOOL_CONVERSION = YES;
				CLANG_WARN_COMMA = YES;
				CLANG_WARN_CONSTANT_CONVERSION = YES;
				CLANG_WARN_DEPRECATED_OBJC_IMPLEMENTATIONS = YES;
				CLANG_WARN_DIRECT_OBJC_ISA_USAGE = YES_ERROR;
				CLANG_WARN_DOCUMENTATION_COMMENTS = YES;
				CLANG_WARN_EMPTY_BODY = YES;
				CLANG_WARN_ENUM_CONVERSION = YES;
				CLANG_WARN_INFINITE_RECURSION = YES;
				CLANG_WARN_INT_CONVERSION = YES;
				CLANG_WARN_NON_LITERAL_NULL_CONVERSION = YES;
				CLANG_WARN_OBJC_IMPLICIT_RETAIN_SELF = YES;
				CLANG_WARN_OBJC_LITERAL_CONVERSION = YES;
				CLANG_WARN_OBJC_ROOT_CLASS = YES_ERROR;
				CLANG_WARN_QUOTED_INCLUDE_IN_FRAMEWORK_HEADER = YES;
				CLANG_WARN_RANGE_LOOP_ANALYSIS = YES;
				CLANG_WARN_STRICT_PROTOTYPES = YES;
				CLANG_WARN_SUSPICIOUS_MOVE = YES;
				CLANG_WARN_UNGUARDED_AVAILABILITY = YES_AGGRESSIVE;
				CLANG_WARN_UNREACHABLE_CODE = YES;
				CLANG_WARN__DUPLICATE_METHOD_MATCH = YES;
				COPY_PHASE_STRIP = NO;
				DEBUG_INFORMATION_FORMAT = dwarf;
				ENABLE_STRICT_OBJC_MSGSEND = YES;
				ENABLE_TESTABILITY = YES;
				ENABLE_USER_SCRIPT_SANDBOXING = YES;
				GCC_C_LANGUAGE_STANDARD = gnu17;
				GCC_DYNAMIC_NO_PIC = NO;
				GCC_NO_COMMON_BLOCKS = YES;
				GCC_OPTIMIZATION_LEVEL = 0;
				GCC_PREPROCESSOR_DEFINITIONS = (
					"DEBUG=1",
					"$(inherited)",
				);
				GCC_WARN_64_TO_32_BIT_CONVERSION = YES;
				GCC_WARN_ABOUT_RETURN_TYPE = YES_ERROR;
				GCC_WARN_UNDECLARED_SELECTOR = YES;
				GCC_WARN_UNINITIALIZED_AUTOS = YES_AGGRESSIVE;
				GCC_WARN_UNUSED_FUNCTION = YES;
				GCC_WARN_UNUSED_VARIABLE = YES;
				IPHONEOS_DEPLOYMENT_TARGET = 17.4;
				LOCALIZATION_PREFERS_STRING_CATALOGS = YES;
				MTL_ENABLE_DEBUG_INFO = INCLUDE_SOURCE;
				MTL_FAST_MATH = YES;
				ONLY_ACTIVE_ARCH = YES;
				SDKROOT = iphoneos;
				SWIFT_ACTIVE_COMPILATION_CONDITIONS = "DEBUG $(inherited)";
				SWIFT_OPTIMIZATION_LEVEL = "-Onone";
			};
			name = Debug;
		};
		FCE6534F2BF7BD7F00EB4DCD /* Release */ = {
			isa = XCBuildConfiguration;
			buildSettings = {
				ALWAYS_SEARCH_USER_PATHS = NO;
				ASSETCATALOG_COMPILER_GENERATE_SWIFT_ASSET_SYMBOL_EXTENSIONS = YES;
				CLANG_ANALYZER_NONNULL = YES;
				CLANG_ANALYZER_NUMBER_OBJECT_CONVERSION = YES_AGGRESSIVE;
				CLANG_CXX_LANGUAGE_STANDARD = "gnu++20";
				CLANG_ENABLE_MODULES = YES;
				CLANG_ENABLE_OBJC_ARC = YES;
				CLANG_ENABLE_OBJC_WEAK = YES;
				CLANG_WARN_BLOCK_CAPTURE_AUTORELEASING = YES;
				CLANG_WARN_BOOL_CONVERSION = YES;
				CLANG_WARN_COMMA = YES;
				CLANG_WARN_CONSTANT_CONVERSION = YES;
				CLANG_WARN_DEPRECATED_OBJC_IMPLEMENTATIONS = YES;
				CLANG_WARN_DIRECT_OBJC_ISA_USAGE = YES_ERROR;
				CLANG_WARN_DOCUMENTATION_COMMENTS = YES;
				CLANG_WARN_EMPTY_BODY = YES;
				CLANG_WARN_ENUM_CONVERSION = YES;
				CLANG_WARN_INFINITE_RECURSION = YES;
				CLANG_WARN_INT_CONVERSION = YES;
				CLANG_WARN_NON_LITERAL_NULL_CONVERSION = YES;
				CLANG_WARN_OBJC_IMPLICIT_RETAIN_SELF = YES;
				CLANG_WARN_OBJC_LITERAL_CONVERSION = YES;
				CLANG_WARN_OBJC_ROOT_CLASS = YES_ERROR;
				CLANG_WARN_QUOTED_INCLUDE_IN_FRAMEWORK_HEADER = YES;
				CLANG_WARN_RANGE_LOOP_ANALYSIS = YES;
				CLANG_WARN_STRICT_PROTOTYPES = YES;
				CLANG_WARN_SUSPICIOUS_MOVE = YES;
				CLANG_WARN_UNGUARDED_AVAILABILITY = YES_AGGRESSIVE;
				CLANG_WARN_UNREACHABLE_CODE = YES;
				CLANG_WARN__DUPLICATE_METHOD_MATCH = YES;
				COPY_PHASE_STRIP = NO;
				DEBUG_INFORMATION_FORMAT = "dwarf-with-dsym";
				ENABLE_NS_ASSERTIONS = NO;
				ENABLE_STRICT_OBJC_MSGSEND = YES;
				ENABLE_USER_SCRIPT_SANDBOXING = YES;
				GCC_C_LANGUAGE_STANDARD = gnu17;
				GCC_NO_COMMON_BLOCKS = YES;
				GCC_WARN_64_TO_32_BIT_CONVERSION = YES;
				GCC_WARN_ABOUT_RETURN_TYPE = YES_ERROR;
				GCC_WARN_UNDECLARED_SELECTOR = YES;
				GCC_WARN_UNINITIALIZED_AUTOS = YES_AGGRESSIVE;
				GCC_WARN_UNUSED_FUNCTION = YES;
				GCC_WARN_UNUSED_VARIABLE = YES;
				IPHONEOS_DEPLOYMENT_TARGET = 17.4;
				LOCALIZATION_PREFERS_STRING_CATALOGS = YES;
				MTL_ENABLE_DEBUG_INFO = NO;
				MTL_FAST_MATH = YES;
				SDKROOT = iphoneos;
				SWIFT_COMPILATION_MODE = wholemodule;
				VALIDATE_PRODUCT = YES;
			};
			name = Release;
		};
		FCE653512BF7BD7F00EB4DCD /* Debug */ = {
			isa = XCBuildConfiguration;
			buildSettings = {
				ASSETCATALOG_COMPILER_APPICON_NAME = AppIcon;
				ASSETCATALOG_COMPILER_GLOBAL_ACCENT_COLOR_NAME = AccentColor;
				CODE_SIGN_STYLE = Automatic;
				CURRENT_PROJECT_VERSION = 1;
				DEVELOPMENT_ASSET_PATHS = "\"SnowSeeker_4/Preview Content\"";
				ENABLE_PREVIEWS = YES;
				GENERATE_INFOPLIST_FILE = YES;
				INFOPLIST_KEY_UIApplicationSceneManifest_Generation = YES;
				INFOPLIST_KEY_UIApplicationSupportsIndirectInputEvents = YES;
				INFOPLIST_KEY_UILaunchScreen_Generation = YES;
				INFOPLIST_KEY_UISupportedInterfaceOrientations_iPad = "UIInterfaceOrientationPortrait UIInterfaceOrientationPortraitUpsideDown UIInterfaceOrientationLandscapeLeft UIInterfaceOrientationLandscapeRight";
				INFOPLIST_KEY_UISupportedInterfaceOrientations_iPhone = "UIInterfaceOrientationPortrait UIInterfaceOrientationLandscapeLeft UIInterfaceOrientationLandscapeRight";
				LD_RUNPATH_SEARCH_PATHS = (
					"$(inherited)",
					"@executable_path/Frameworks",
				);
				MARKETING_VERSION = 1.0;
				PRODUCT_BUNDLE_IDENTIFIER = "me.Stanton.David.SnowSeeker-4";
				PRODUCT_NAME = "$(TARGET_NAME)";
				SWIFT_EMIT_LOC_STRINGS = YES;
				SWIFT_VERSION = 5.0;
				TARGETED_DEVICE_FAMILY = "1,2";
			};
			name = Debug;
		};
		FCE653522BF7BD7F00EB4DCD /* Release */ = {
			isa = XCBuildConfiguration;
			buildSettings = {
				ASSETCATALOG_COMPILER_APPICON_NAME = AppIcon;
				ASSETCATALOG_COMPILER_GLOBAL_ACCENT_COLOR_NAME = AccentColor;
				CODE_SIGN_STYLE = Automatic;
				CURRENT_PROJECT_VERSION = 1;
				DEVELOPMENT_ASSET_PATHS = "\"SnowSeeker_4/Preview Content\"";
				ENABLE_PREVIEWS = YES;
				GENERATE_INFOPLIST_FILE = YES;
				INFOPLIST_KEY_UIApplicationSceneManifest_Generation = YES;
				INFOPLIST_KEY_UIApplicationSupportsIndirectInputEvents = YES;
				INFOPLIST_KEY_UILaunchScreen_Generation = YES;
				INFOPLIST_KEY_UISupportedInterfaceOrientations_iPad = "UIInterfaceOrientationPortrait UIInterfaceOrientationPortraitUpsideDown UIInterfaceOrientationLandscapeLeft UIInterfaceOrientationLandscapeRight";
				INFOPLIST_KEY_UISupportedInterfaceOrientations_iPhone = "UIInterfaceOrientationPortrait UIInterfaceOrientationLandscapeLeft UIInterfaceOrientationLandscapeRight";
				LD_RUNPATH_SEARCH_PATHS = (
					"$(inherited)",
					"@executable_path/Frameworks",
				);
				MARKETING_VERSION = 1.0;
				PRODUCT_BUNDLE_IDENTIFIER = "me.Stanton.David.SnowSeeker-4";
				PRODUCT_NAME = "$(TARGET_NAME)";
				SWIFT_EMIT_LOC_STRINGS = YES;
				SWIFT_VERSION = 5.0;
				TARGETED_DEVICE_FAMILY = "1,2";
			};
			name = Release;
		};
/* End XCBuildConfiguration section */

/* Begin XCConfigurationList section */
		FCE6533D2BF7BD7E00EB4DCD /* Build configuration list for PBXProject "SnowSeeker_4" */ = {
			isa = XCConfigurationList;
			buildConfigurations = (
				FCE6534E2BF7BD7F00EB4DCD /* Debug */,
				FCE6534F2BF7BD7F00EB4DCD /* Release */,
			);
			defaultConfigurationIsVisible = 0;
			defaultConfigurationName = Release;
		};
		FCE653502BF7BD7F00EB4DCD /* Build configuration list for PBXNativeTarget "SnowSeeker_4" */ = {
			isa = XCConfigurationList;
			buildConfigurations = (
				FCE653512BF7BD7F00EB4DCD /* Debug */,
				FCE653522BF7BD7F00EB4DCD /* Release */,
			);
			defaultConfigurationIsVisible = 0;
			defaultConfigurationName = Release;
		};
/* End XCConfigurationList section */
	};
	rootObject = FCE6533A2BF7BD7E00EB4DCD /* Project object */;
}
