// !$*UTF8*$!
{
	archiveVersion = 1;
	classes = {
	};
	objectVersion = 56;
	objects = {

/* Begin PBXBuildFile section */
		FC8C31FB2BF5090C0057B740 /* SnowSeeker_1App.swift in Sources */ = {isa = PBXBuildFile; fileRef = FC8C31FA2BF5090C0057B740 /* SnowSeeker_1App.swift */; };
		FC8C31FD2BF5090C0057B740 /* ContentView.swift in Sources */ = {isa = PBXBuildFile; fileRef = FC8C31FC2BF5090C0057B740 /* ContentView.swift */; };
		FC8C31FF2BF5090D0057B740 /* Assets.xcassets in Resources */ = {isa = PBXBuildFile; fileRef = FC8C31FE2BF5090D0057B740 /* Assets.xcassets */; };
		FC8C32022BF5090D0057B740 /* Preview Assets.xcassets in Resources */ = {isa = PBXBuildFile; fileRef = FC8C32012BF5090D0057B740 /* Preview Assets.xcassets */; };
		FC8C32092BF5091C0057B740 /* Bundle-Decodable.swift in Sources */ = {isa = PBXBuildFile; fileRef = FC8C32082BF5091C0057B740 /* Bundle-Decodable.swift */; };
		FC8C320B2BF50B860057B740 /* resorts.json in Resources */ = {isa = PBXBuildFile; fileRef = FC8C320A2BF50B860057B740 /* resorts.json */; };
		FC8C320D2BF50B960057B740 /* Resort.swift in Sources */ = {isa = PBXBuildFile; fileRef = FC8C320C2BF50B960057B740 /* Resort.swift */; };
		FC8C32312BF5168D0057B740 /* WelcomeView.swift in Sources */ = {isa = PBXBuildFile; fileRef = FC8C32302BF5168D0057B740 /* WelcomeView.swift */; };
		FC8C323B2BF54C7D0057B740 /* ResortView.swift in Sources */ = {isa = PBXBuildFile; fileRef = FC8C323A2BF54C7D0057B740 /* ResortView.swift */; };
		FC8C323D2BF54C8A0057B740 /* SkiDetailsView.swift in Sources */ = {isa = PBXBuildFile; fileRef = FC8C323C2BF54C8A0057B740 /* SkiDetailsView.swift */; };
		FC8C323F2BF54C900057B740 /* ResortDetailsView.swift in Sources */ = {isa = PBXBuildFile; fileRef = FC8C323E2BF54C900057B740 /* ResortDetailsView.swift */; };
		FCCCD3B12BF65D7E00970DEB /* Facility.swift in Sources */ = {isa = PBXBuildFile; fileRef = FCCCD3B02BF65D7E00970DEB /* Facility.swift */; };
		FCCCD3B92BF69F3C00970DEB /* Favorite.swift in Sources */ = {isa = PBXBuildFile; fileRef = FCCCD3B82BF69F3C00970DEB /* Favorite.swift */; };
/* End PBXBuildFile section */

/* Begin PBXFileReference section */
		FC8C31F72BF5090C0057B740 /* SnowSeeker_1.app */ = {isa = PBXFileReference; explicitFileType = wrapper.application; includeInIndex = 0; path = SnowSeeker_1.app; sourceTree = BUILT_PRODUCTS_DIR; };
		FC8C31FA2BF5090C0057B740 /* SnowSeeker_1App.swift */ = {isa = PBXFileReference; lastKnownFileType = sourcecode.swift; path = SnowSeeker_1App.swift; sourceTree = "<group>"; };
		FC8C31FC2BF5090C0057B740 /* ContentView.swift */ = {isa = PBXFileReference; lastKnownFileType = sourcecode.swift; path = ContentView.swift; sourceTree = "<group>"; };
		FC8C31FE2BF5090D0057B740 /* Assets.xcassets */ = {isa = PBXFileReference; lastKnownFileType = folder.assetcatalog; path = Assets.xcassets; sourceTree = "<group>"; };
		FC8C32012BF5090D0057B740 /* Preview Assets.xcassets */ = {isa = PBXFileReference; lastKnownFileType = folder.assetcatalog; path = "Preview Assets.xcassets"; sourceTree = "<group>"; };
		FC8C32082BF5091C0057B740 /* Bundle-Decodable.swift */ = {isa = PBXFileReference; lastKnownFileType = sourcecode.swift; path = "Bundle-Decodable.swift"; sourceTree = "<group>"; };
		FC8C320A2BF50B860057B740 /* resorts.json */ = {isa = PBXFileReference; fileEncoding = 4; lastKnownFileType = text.json; path = resorts.json; sourceTree = "<group>"; };
		FC8C320C2BF50B960057B740 /* Resort.swift */ = {isa = PBXFileReference; lastKnownFileType = sourcecode.swift; path = Resort.swift; sourceTree = "<group>"; };
		FC8C32302BF5168D0057B740 /* WelcomeView.swift */ = {isa = PBXFileReference; lastKnownFileType = sourcecode.swift; path = WelcomeView.swift; sourceTree = "<group>"; };
		FC8C323A2BF54C7D0057B740 /* ResortView.swift */ = {isa = PBXFileReference; lastKnownFileType = sourcecode.swift; path = ResortView.swift; sourceTree = "<group>"; };
		FC8C323C2BF54C8A0057B740 /* SkiDetailsView.swift */ = {isa = PBXFileReference; lastKnownFileType = sourcecode.swift; path = SkiDetailsView.swift; sourceTree = "<group>"; };
		FC8C323E2BF54C900057B740 /* ResortDetailsView.swift */ = {isa = PBXFileReference; lastKnownFileType = sourcecode.swift; path = ResortDetailsView.swift; sourceTree = "<group>"; };
		FCCCD3B02BF65D7E00970DEB /* Facility.swift */ = {isa = PBXFileReference; lastKnownFileType = sourcecode.swift; path = Facility.swift; sourceTree = "<group>"; };
		FCCCD3B82BF69F3C00970DEB /* Favorite.swift */ = {isa = PBXFileReference; lastKnownFileType = sourcecode.swift; path = Favorite.swift; sourceTree = "<group>"; };
/* End PBXFileReference section */

/* Begin PBXFrameworksBuildPhase section */
		FC8C31F42BF5090C0057B740 /* Frameworks */ = {
			isa = PBXFrameworksBuildPhase;
			buildActionMask = 2147483647;
			files = (
			);
			runOnlyForDeploymentPostprocessing = 0;
		};
/* End PBXFrameworksBuildPhase section */

/* Begin PBXGroup section */
		FC8C31EE2BF5090C0057B740 = {
			isa = PBXGroup;
			children = (
				FC8C31F92BF5090C0057B740 /* SnowSeeker_1 */,
				FC8C31F82BF5090C0057B740 /* Products */,
			);
			sourceTree = "<group>";
		};
		FC8C31F82BF5090C0057B740 /* Products */ = {
			isa = PBXGroup;
			children = (
				FC8C31F72BF5090C0057B740 /* SnowSeeker_1.app */,
			);
			name = Products;
			sourceTree = "<group>";
		};
		FC8C31F92BF5090C0057B740 /* SnowSeeker_1 */ = {
			isa = PBXGroup;
			children = (
				FC8C31FA2BF5090C0057B740 /* SnowSeeker_1App.swift */,
				FC8C31FC2BF5090C0057B740 /* ContentView.swift */,
				FC8C323A2BF54C7D0057B740 /* ResortView.swift */,
				FC8C323E2BF54C900057B740 /* ResortDetailsView.swift */,
				FC8C323C2BF54C8A0057B740 /* SkiDetailsView.swift */,
				FC8C32082BF5091C0057B740 /* Bundle-Decodable.swift */,
				FC8C32302BF5168D0057B740 /* WelcomeView.swift */,
				FC8C320A2BF50B860057B740 /* resorts.json */,
				FCCCD3B02BF65D7E00970DEB /* Facility.swift */,
				FCCCD3B82BF69F3C00970DEB /* Favorite.swift */,
				FC8C320C2BF50B960057B740 /* Resort.swift */,
				FC8C31FE2BF5090D0057B740 /* Assets.xcassets */,
				FC8C32002BF5090D0057B740 /* Preview Content */,
			);
			path = SnowSeeker_1;
			sourceTree = "<group>";
		};
		FC8C32002BF5090D0057B740 /* Preview Content */ = {
			isa = PBXGroup;
			children = (
				FC8C32012BF5090D0057B740 /* Preview Assets.xcassets */,
			);
			path = "Preview Content";
			sourceTree = "<group>";
		};
/* End PBXGroup section */

/* Begin PBXNativeTarget section */
		FC8C31F62BF5090C0057B740 /* SnowSeeker_1 */ = {
			isa = PBXNativeTarget;
			buildConfigurationList = FC8C32052BF5090D0057B740 /* Build configuration list for PBXNativeTarget "SnowSeeker_1" */;
			buildPhases = (
				FC8C31F32BF5090C0057B740 /* Sources */,
				FC8C31F42BF5090C0057B740 /* Frameworks */,
				FC8C31F52BF5090C0057B740 /* Resources */,
			);
			buildRules = (
			);
			dependencies = (
			);
			name = SnowSeeker_1;
			productName = SnowSeeker_1;
			productReference = FC8C31F72BF5090C0057B740 /* SnowSeeker_1.app */;
			productType = "com.apple.product-type.application";
		};
/* End PBXNativeTarget section */

/* Begin PBXProject section */
		FC8C31EF2BF5090C0057B740 /* Project object */ = {
			isa = PBXProject;
			attributes = {
				BuildIndependentTargetsInParallel = 1;
				LastSwiftUpdateCheck = 1530;
				LastUpgradeCheck = 1530;
				TargetAttributes = {
					FC8C31F62BF5090C0057B740 = {
						CreatedOnToolsVersion = 15.3;
					};
				};
			};
			buildConfigurationList = FC8C31F22BF5090C0057B740 /* Build configuration list for PBXProject "SnowSeeker_1" */;
			compatibilityVersion = "Xcode 14.0";
			developmentRegion = en;
			hasScannedForEncodings = 0;
			knownRegions = (
				en,
				Base,
			);
			mainGroup = FC8C31EE2BF5090C0057B740;
			productRefGroup = FC8C31F82BF5090C0057B740 /* Products */;
			projectDirPath = "";
			projectRoot = "";
			targets = (
				FC8C31F62BF5090C0057B740 /* SnowSeeker_1 */,
			);
		};
/* End PBXProject section */

/* Begin PBXResourcesBuildPhase section */
		FC8C31F52BF5090C0057B740 /* Resources */ = {
			isa = PBXResourcesBuildPhase;
			buildActionMask = 2147483647;
			files = (
				FC8C320B2BF50B860057B740 /* resorts.json in Resources */,
				FC8C32022BF5090D0057B740 /* Preview Assets.xcassets in Resources */,
				FC8C31FF2BF5090D0057B740 /* Assets.xcassets in Resources */,
			);
			runOnlyForDeploymentPostprocessing = 0;
		};
/* End PBXResourcesBuildPhase section */

/* Begin PBXSourcesBuildPhase section */
		FC8C31F32BF5090C0057B740 /* Sources */ = {
			isa = PBXSourcesBuildPhase;
			buildActionMask = 2147483647;
			files = (
				FC8C32312BF5168D0057B740 /* WelcomeView.swift in Sources */,
				FC8C323D2BF54C8A0057B740 /* SkiDetailsView.swift in Sources */,
				FC8C323F2BF54C900057B740 /* ResortDetailsView.swift in Sources */,
				FCCCD3B12BF65D7E00970DEB /* Facility.swift in Sources */,
				FC8C31FD2BF5090C0057B740 /* ContentView.swift in Sources */,
				FCCCD3B92BF69F3C00970DEB /* Favorite.swift in Sources */,
				FC8C31FB2BF5090C0057B740 /* SnowSeeker_1App.swift in Sources */,
				FC8C323B2BF54C7D0057B740 /* ResortView.swift in Sources */,
				FC8C320D2BF50B960057B740 /* Resort.swift in Sources */,
				FC8C32092BF5091C0057B740 /* Bundle-Decodable.swift in Sources */,
			);
			runOnlyForDeploymentPostprocessing = 0;
		};
/* End PBXSourcesBuildPhase section */

/* Begin XCBuildConfiguration section */
		FC8C32032BF5090D0057B740 /* Debug */ = {
			isa = XCBuildConfiguration;
			buildSettings = {
				ALWAYS_SEARCH_USER_PATHS = NO;
				ASSETCATALOG_COMPILER_GENERATE_SWIFT_ASSET_SYMBOL_EXTENSIONS = YES;
				CLANG_ANALYZER_NONNULL = YES;
				CLANG_ANALYZER_NUMBER_OBJECT_CONVERSION = YES_AGGRESSIVE;
				CLANG_CXX_LANGUAGE_STANDARD = "gnu++20";
				CLANG_ENABLE_MODULES = YES;
				CLANG_ENABLE_OBJC_ARC = YES;
				CLANG_ENABLE_OBJC_WEAK = YES;
				CLANG_WARN_BLOCK_CAPTURE_AUTORELEASING = YES;
				CLANG_WARN_BOOL_CONVERSION = YES;
				CLANG_WARN_COMMA = YES;
				CLANG_WARN_CONSTANT_CONVERSION = YES;
				CLANG_WARN_DEPRECATED_OBJC_IMPLEMENTATIONS = YES;
				CLANG_WARN_DIRECT_OBJC_ISA_USAGE = YES_ERROR;
				CLANG_WARN_DOCUMENTATION_COMMENTS = YES;
				CLANG_WARN_EMPTY_BODY = YES;
				CLANG_WARN_ENUM_CONVERSION = YES;
				CLANG_WARN_INFINITE_RECURSION = YES;
				CLANG_WARN_INT_CONVERSION = YES;
				CLANG_WARN_NON_LITERAL_NULL_CONVERSION = YES;
				CLANG_WARN_OBJC_IMPLICIT_RETAIN_SELF = YES;
				CLANG_WARN_OBJC_LITERAL_CONVERSION = YES;
				CLANG_WARN_OBJC_ROOT_CLASS = YES_ERROR;
				CLANG_WARN_QUOTED_INCLUDE_IN_FRAMEWORK_HEADER = YES;
				CLANG_WARN_RANGE_LOOP_ANALYSIS = YES;
				CLANG_WARN_STRICT_PROTOTYPES = YES;
				CLANG_WARN_SUSPICIOUS_MOVE = YES;
				CLANG_WARN_UNGUARDED_AVAILABILITY = YES_AGGRESSIVE;
				CLANG_WARN_UNREACHABLE_CODE = YES;
				CLANG_WARN__DUPLICATE_METHOD_MATCH = YES;
				COPY_PHASE_STRIP = NO;
				DEBUG_INFORMATION_FORMAT = dwarf;
				ENABLE_STRICT_OBJC_MSGSEND = YES;
				ENABLE_TESTABILITY = YES;
				ENABLE_USER_SCRIPT_SANDBOXING = YES;
				GCC_C_LANGUAGE_STANDARD = gnu17;
				GCC_DYNAMIC_NO_PIC = NO;
				GCC_NO_COMMON_BLOCKS = YES;
				GCC_OPTIMIZATION_LEVEL = 0;
				GCC_PREPROCESSOR_DEFINITIONS = (
					"DEBUG=1",
					"$(inherited)",
				);
				GCC_WARN_64_TO_32_BIT_CONVERSION = YES;
				GCC_WARN_ABOUT_RETURN_TYPE = YES_ERROR;
				GCC_WARN_UNDECLARED_SELECTOR = YES;
				GCC_WARN_UNINITIALIZED_AUTOS = YES_AGGRESSIVE;
				GCC_WARN_UNUSED_FUNCTION = YES;
				GCC_WARN_UNUSED_VARIABLE = YES;
				IPHONEOS_DEPLOYMENT_TARGET = 17.4;
				LOCALIZATION_PREFERS_STRING_CATALOGS = YES;
				MTL_ENABLE_DEBUG_INFO = INCLUDE_SOURCE;
				MTL_FAST_MATH = YES;
				ONLY_ACTIVE_ARCH = YES;
				SDKROOT = iphoneos;
				SWIFT_ACTIVE_COMPILATION_CONDITIONS = "DEBUG $(inherited)";
				SWIFT_OPTIMIZATION_LEVEL = "-Onone";
			};
			name = Debug;
		};
		FC8C32042BF5090D0057B740 /* Release */ = {
			isa = XCBuildConfiguration;
			buildSettings = {
				ALWAYS_SEARCH_USER_PATHS = NO;
				ASSETCATALOG_COMPILER_GENERATE_SWIFT_ASSET_SYMBOL_EXTENSIONS = YES;
				CLANG_ANALYZER_NONNULL = YES;
				CLANG_ANALYZER_NUMBER_OBJECT_CONVERSION = YES_AGGRESSIVE;
				CLANG_CXX_LANGUAGE_STANDARD = "gnu++20";
				CLANG_ENABLE_MODULES = YES;
				CLANG_ENABLE_OBJC_ARC = YES;
				CLANG_ENABLE_OBJC_WEAK = YES;
				CLANG_WARN_BLOCK_CAPTURE_AUTORELEASING = YES;
				CLANG_WARN_BOOL_CONVERSION = YES;
				CLANG_WARN_COMMA = YES;
				CLANG_WARN_CONSTANT_CONVERSION = YES;
				CLANG_WARN_DEPRECATED_OBJC_IMPLEMENTATIONS = YES;
				CLANG_WARN_DIRECT_OBJC_ISA_USAGE = YES_ERROR;
				CLANG_WARN_DOCUMENTATION_COMMENTS = YES;
				CLANG_WARN_EMPTY_BODY = YES;
				CLANG_WARN_ENUM_CONVERSION = YES;
				CLANG_WARN_INFINITE_RECURSION = YES;
				CLANG_WARN_INT_CONVERSION = YES;
				CLANG_WARN_NON_LITERAL_NULL_CONVERSION = YES;
				CLANG_WARN_OBJC_IMPLICIT_RETAIN_SELF = YES;
				CLANG_WARN_OBJC_LITERAL_CONVERSION = YES;
				CLANG_WARN_OBJC_ROOT_CLASS = YES_ERROR;
				CLANG_WARN_QUOTED_INCLUDE_IN_FRAMEWORK_HEADER = YES;
				CLANG_WARN_RANGE_LOOP_ANALYSIS = YES;
				CLANG_WARN_STRICT_PROTOTYPES = YES;
				CLANG_WARN_SUSPICIOUS_MOVE = YES;
				CLANG_WARN_UNGUARDED_AVAILABILITY = YES_AGGRESSIVE;
				CLANG_WARN_UNREACHABLE_CODE = YES;
				CLANG_WARN__DUPLICATE_METHOD_MATCH = YES;
				COPY_PHASE_STRIP = NO;
				DEBUG_INFORMATION_FORMAT = "dwarf-with-dsym";
				ENABLE_NS_ASSERTIONS = NO;
				ENABLE_STRICT_OBJC_MSGSEND = YES;
				ENABLE_USER_SCRIPT_SANDBOXING = YES;
				GCC_C_LANGUAGE_STANDARD = gnu17;
				GCC_NO_COMMON_BLOCKS = YES;
				GCC_WARN_64_TO_32_BIT_CONVERSION = YES;
				GCC_WARN_ABOUT_RETURN_TYPE = YES_ERROR;
				GCC_WARN_UNDECLARED_SELECTOR = YES;
				GCC_WARN_UNINITIALIZED_AUTOS = YES_AGGRESSIVE;
				GCC_WARN_UNUSED_FUNCTION = YES;
				GCC_WARN_UNUSED_VARIABLE = YES;
				IPHONEOS_DEPLOYMENT_TARGET = 17.4;
				LOCALIZATION_PREFERS_STRING_CATALOGS = YES;
				MTL_ENABLE_DEBUG_INFO = NO;
				MTL_FAST_MATH = YES;
				SDKROOT = iphoneos;
				SWIFT_COMPILATION_MODE = wholemodule;
				VALIDATE_PRODUCT = YES;
			};
			name = Release;
		};
		FC8C32062BF5090D0057B740 /* Debug */ = {
			isa = XCBuildConfiguration;
			buildSettings = {
				ASSETCATALOG_COMPILER_APPICON_NAME = AppIcon;
				ASSETCATALOG_COMPILER_GLOBAL_ACCENT_COLOR_NAME = AccentColor;
				CODE_SIGN_STYLE = Automatic;
				CURRENT_PROJECT_VERSION = 1;
				DEVELOPMENT_ASSET_PATHS = "\"SnowSeeker_1/Preview Content\"";
				ENABLE_PREVIEWS = YES;
				GENERATE_INFOPLIST_FILE = YES;
				INFOPLIST_KEY_UIApplicationSceneManifest_Generation = YES;
				INFOPLIST_KEY_UIApplicationSupportsIndirectInputEvents = YES;
				INFOPLIST_KEY_UILaunchScreen_Generation = YES;
				INFOPLIST_KEY_UISupportedInterfaceOrientations_iPad = "UIInterfaceOrientationPortrait UIInterfaceOrientationPortraitUpsideDown UIInterfaceOrientationLandscapeLeft UIInterfaceOrientationLandscapeRight";
				INFOPLIST_KEY_UISupportedInterfaceOrientations_iPhone = "UIInterfaceOrientationPortrait UIInterfaceOrientationLandscapeLeft UIInterfaceOrientationLandscapeRight";
				LD_RUNPATH_SEARCH_PATHS = (
					"$(inherited)",
					"@executable_path/Frameworks",
				);
				MARKETING_VERSION = 1.0;
				PRODUCT_BUNDLE_IDENTIFIER = "me.Stanton.David.SnowSeeker-1";
				PRODUCT_NAME = "$(TARGET_NAME)";
				SWIFT_EMIT_LOC_STRINGS = YES;
				SWIFT_VERSION = 5.0;
				TARGETED_DEVICE_FAMILY = "1,2";
			};
			name = Debug;
		};
		FC8C32072BF5090D0057B740 /* Release */ = {
			isa = XCBuildConfiguration;
			buildSettings = {
				ASSETCATALOG_COMPILER_APPICON_NAME = AppIcon;
				ASSETCATALOG_COMPILER_GLOBAL_ACCENT_COLOR_NAME = AccentColor;
				CODE_SIGN_STYLE = Automatic;
				CURRENT_PROJECT_VERSION = 1;
				DEVELOPMENT_ASSET_PATHS = "\"SnowSeeker_1/Preview Content\"";
				ENABLE_PREVIEWS = YES;
				GENERATE_INFOPLIST_FILE = YES;
				INFOPLIST_KEY_UIApplicationSceneManifest_Generation = YES;
				INFOPLIST_KEY_UIApplicationSupportsIndirectInputEvents = YES;
				INFOPLIST_KEY_UILaunchScreen_Generation = YES;
				INFOPLIST_KEY_UISupportedInterfaceOrientations_iPad = "UIInterfaceOrientationPortrait UIInterfaceOrientationPortraitUpsideDown UIInterfaceOrientationLandscapeLeft UIInterfaceOrientationLandscapeRight";
				INFOPLIST_KEY_UISupportedInterfaceOrientations_iPhone = "UIInterfaceOrientationPortrait UIInterfaceOrientationLandscapeLeft UIInterfaceOrientationLandscapeRight";
				LD_RUNPATH_SEARCH_PATHS = (
					"$(inherited)",
					"@executable_path/Frameworks",
				);
				MARKETING_VERSION = 1.0;
				PRODUCT_BUNDLE_IDENTIFIER = "me.Stanton.David.SnowSeeker-1";
				PRODUCT_NAME = "$(TARGET_NAME)";
				SWIFT_EMIT_LOC_STRINGS = YES;
				SWIFT_VERSION = 5.0;
				TARGETED_DEVICE_FAMILY = "1,2";
			};
			name = Release;
		};
/* End XCBuildConfiguration section */

/* Begin XCConfigurationList section */
		FC8C31F22BF5090C0057B740 /* Build configuration list for PBXProject "SnowSeeker_1" */ = {
			isa = XCConfigurationList;
			buildConfigurations = (
				FC8C32032BF5090D0057B740 /* Debug */,
				FC8C32042BF5090D0057B740 /* Release */,
			);
			defaultConfigurationIsVisible = 0;
			defaultConfigurationName = Release;
		};
		FC8C32052BF5090D0057B740 /* Build configuration list for PBXNativeTarget "SnowSeeker_1" */ = {
			isa = XCConfigurationList;
			buildConfigurations = (
				FC8C32062BF5090D0057B740 /* Debug */,
				FC8C32072BF5090D0057B740 /* Release */,
			);
			defaultConfigurationIsVisible = 0;
			defaultConfigurationName = Release;
		};
/* End XCConfigurationList section */
	};
	rootObject = FC8C31EF2BF5090C0057B740 /* Project object */;
}
