// !$*UTF8*$!
{
	archiveVersion = 1;
	classes = {
	};
	objectVersion = 56;
	objects = {

/* Begin PBXBuildFile section */
		FCAA86832B76890A00AEE3A4 /* Multiplication_1.swift in Sources */ = {isa = PBXBuildFile; fileRef = FCAA86822B76890A00AEE3A4 /* Multiplication_1.swift */; };
		FCAA86852B77481400AEE3A4 /* Multiplication_2.swift in Sources */ = {isa = PBXBuildFile; fileRef = FCAA86842B77481400AEE3A4 /* Multiplication_2.swift */; };
		FCABFF202B7545A2003215FC /* MultiplicationGameApp.swift in Sources */ = {isa = PBXBuildFile; fileRef = FCABFF1F2B7545A2003215FC /* MultiplicationGameApp.swift */; };
		FCABFF222B7545A2003215FC /* ContentView.swift in Sources */ = {isa = PBXBuildFile; fileRef = FCABFF212B7545A2003215FC /* ContentView.swift */; };
		FCABFF242B7545A3003215FC /* Assets.xcassets in Resources */ = {isa = PBXBuildFile; fileRef = FCABFF232B7545A3003215FC /* Assets.xcassets */; };
		FCABFF272B7545A3003215FC /* Preview Assets.xcassets in Resources */ = {isa = PBXBuildFile; fileRef = FCABFF262B7545A3003215FC /* Preview Assets.xcassets */; };
		FCABFF2E2B7545B6003215FC /* Review_1.swift in Sources */ = {isa = PBXBuildFile; fileRef = FCABFF2D2B7545B6003215FC /* Review_1.swift */; };
		FCABFF302B7548B9003215FC /* Review_2.swift in Sources */ = {isa = PBXBuildFile; fileRef = FCABFF2F2B7548B9003215FC /* Review_2.swift */; };
/* End PBXBuildFile section */

/* Begin PBXFileReference section */
		FCAA86822B76890A00AEE3A4 /* Multiplication_1.swift */ = {isa = PBXFileReference; lastKnownFileType = sourcecode.swift; path = Multiplication_1.swift; sourceTree = "<group>"; };
		FCAA86842B77481400AEE3A4 /* Multiplication_2.swift */ = {isa = PBXFileReference; lastKnownFileType = sourcecode.swift; path = Multiplication_2.swift; sourceTree = "<group>"; };
		FCABFF1C2B7545A2003215FC /* MultiplicationGame.app */ = {isa = PBXFileReference; explicitFileType = wrapper.application; includeInIndex = 0; path = MultiplicationGame.app; sourceTree = BUILT_PRODUCTS_DIR; };
		FCABFF1F2B7545A2003215FC /* MultiplicationGameApp.swift */ = {isa = PBXFileReference; lastKnownFileType = sourcecode.swift; path = MultiplicationGameApp.swift; sourceTree = "<group>"; };
		FCABFF212B7545A2003215FC /* ContentView.swift */ = {isa = PBXFileReference; lastKnownFileType = sourcecode.swift; path = ContentView.swift; sourceTree = "<group>"; };
		FCABFF232B7545A3003215FC /* Assets.xcassets */ = {isa = PBXFileReference; lastKnownFileType = folder.assetcatalog; path = Assets.xcassets; sourceTree = "<group>"; };
		FCABFF262B7545A3003215FC /* Preview Assets.xcassets */ = {isa = PBXFileReference; lastKnownFileType = folder.assetcatalog; path = "Preview Assets.xcassets"; sourceTree = "<group>"; };
		FCABFF2D2B7545B6003215FC /* Review_1.swift */ = {isa = PBXFileReference; lastKnownFileType = sourcecode.swift; path = Review_1.swift; sourceTree = "<group>"; };
		FCABFF2F2B7548B9003215FC /* Review_2.swift */ = {isa = PBXFileReference; lastKnownFileType = sourcecode.swift; path = Review_2.swift; sourceTree = "<group>"; };
/* End PBXFileReference section */

/* Begin PBXFrameworksBuildPhase section */
		FCABFF192B7545A2003215FC /* Frameworks */ = {
			isa = PBXFrameworksBuildPhase;
			buildActionMask = 2147483647;
			files = (
			);
			runOnlyForDeploymentPostprocessing = 0;
		};
/* End PBXFrameworksBuildPhase section */

/* Begin PBXGroup section */
		FCABFF132B7545A2003215FC = {
			isa = PBXGroup;
			children = (
				FCABFF1E2B7545A2003215FC /* MultiplicationGame */,
				FCABFF1D2B7545A2003215FC /* Products */,
			);
			sourceTree = "<group>";
		};
		FCABFF1D2B7545A2003215FC /* Products */ = {
			isa = PBXGroup;
			children = (
				FCABFF1C2B7545A2003215FC /* MultiplicationGame.app */,
			);
			name = Products;
			sourceTree = "<group>";
		};
		FCABFF1E2B7545A2003215FC /* MultiplicationGame */ = {
			isa = PBXGroup;
			children = (
				FCABFF1F2B7545A2003215FC /* MultiplicationGameApp.swift */,
				FCABFF212B7545A2003215FC /* ContentView.swift */,
				FCAA86822B76890A00AEE3A4 /* Multiplication_1.swift */,
				FCAA86842B77481400AEE3A4 /* Multiplication_2.swift */,
				FCABFF2D2B7545B6003215FC /* Review_1.swift */,
				FCABFF2F2B7548B9003215FC /* Review_2.swift */,
				FCABFF232B7545A3003215FC /* Assets.xcassets */,
				FCABFF252B7545A3003215FC /* Preview Content */,
			);
			path = MultiplicationGame;
			sourceTree = "<group>";
		};
		FCABFF252B7545A3003215FC /* Preview Content */ = {
			isa = PBXGroup;
			children = (
				FCABFF262B7545A3003215FC /* Preview Assets.xcassets */,
			);
			path = "Preview Content";
			sourceTree = "<group>";
		};
/* End PBXGroup section */

/* Begin PBXNativeTarget section */
		FCABFF1B2B7545A2003215FC /* MultiplicationGame */ = {
			isa = PBXNativeTarget;
			buildConfigurationList = FCABFF2A2B7545A3003215FC /* Build configuration list for PBXNativeTarget "MultiplicationGame" */;
			buildPhases = (
				FCABFF182B7545A2003215FC /* Sources */,
				FCABFF192B7545A2003215FC /* Frameworks */,
				FCABFF1A2B7545A2003215FC /* Resources */,
			);
			buildRules = (
			);
			dependencies = (
			);
			name = MultiplicationGame;
			productName = MultiplicationGame;
			productReference = FCABFF1C2B7545A2003215FC /* MultiplicationGame.app */;
			productType = "com.apple.product-type.application";
		};
/* End PBXNativeTarget section */

/* Begin PBXProject section */
		FCABFF142B7545A2003215FC /* Project object */ = {
			isa = PBXProject;
			attributes = {
				BuildIndependentTargetsInParallel = 1;
				LastSwiftUpdateCheck = 1510;
				LastUpgradeCheck = 1510;
				TargetAttributes = {
					FCABFF1B2B7545A2003215FC = {
						CreatedOnToolsVersion = 15.1;
					};
				};
			};
			buildConfigurationList = FCABFF172B7545A2003215FC /* Build configuration list for PBXProject "MultiplicationGame" */;
			compatibilityVersion = "Xcode 14.0";
			developmentRegion = en;
			hasScannedForEncodings = 0;
			knownRegions = (
				en,
				Base,
			);
			mainGroup = FCABFF132B7545A2003215FC;
			productRefGroup = FCABFF1D2B7545A2003215FC /* Products */;
			projectDirPath = "";
			projectRoot = "";
			targets = (
				FCABFF1B2B7545A2003215FC /* MultiplicationGame */,
			);
		};
/* End PBXProject section */

/* Begin PBXResourcesBuildPhase section */
		FCABFF1A2B7545A2003215FC /* Resources */ = {
			isa = PBXResourcesBuildPhase;
			buildActionMask = 2147483647;
			files = (
				FCABFF272B7545A3003215FC /* Preview Assets.xcassets in Resources */,
				FCABFF242B7545A3003215FC /* Assets.xcassets in Resources */,
			);
			runOnlyForDeploymentPostprocessing = 0;
		};
/* End PBXResourcesBuildPhase section */

/* Begin PBXSourcesBuildPhase section */
		FCABFF182B7545A2003215FC /* Sources */ = {
			isa = PBXSourcesBuildPhase;
			buildActionMask = 2147483647;
			files = (
				FCABFF302B7548B9003215FC /* Review_2.swift in Sources */,
				FCABFF222B7545A2003215FC /* ContentView.swift in Sources */,
				FCAA86832B76890A00AEE3A4 /* Multiplication_1.swift in Sources */,
				FCABFF2E2B7545B6003215FC /* Review_1.swift in Sources */,
				FCAA86852B77481400AEE3A4 /* Multiplication_2.swift in Sources */,
				FCABFF202B7545A2003215FC /* MultiplicationGameApp.swift in Sources */,
			);
			runOnlyForDeploymentPostprocessing = 0;
		};
/* End PBXSourcesBuildPhase section */

/* Begin XCBuildConfiguration section */
		FCABFF282B7545A3003215FC /* Debug */ = {
			isa = XCBuildConfiguration;
			buildSettings = {
				ALWAYS_SEARCH_USER_PATHS = NO;
				ASSETCATALOG_COMPILER_GENERATE_SWIFT_ASSET_SYMBOL_EXTENSIONS = YES;
				CLANG_ANALYZER_NONNULL = YES;
				CLANG_ANALYZER_NUMBER_OBJECT_CONVERSION = YES_AGGRESSIVE;
				CLANG_CXX_LANGUAGE_STANDARD = "gnu++20";
				CLANG_ENABLE_MODULES = YES;
				CLANG_ENABLE_OBJC_ARC = YES;
				CLANG_ENABLE_OBJC_WEAK = YES;
				CLANG_WARN_BLOCK_CAPTURE_AUTORELEASING = YES;
				CLANG_WARN_BOOL_CONVERSION = YES;
				CLANG_WARN_COMMA = YES;
				CLANG_WARN_CONSTANT_CONVERSION = YES;
				CLANG_WARN_DEPRECATED_OBJC_IMPLEMENTATIONS = YES;
				CLANG_WARN_DIRECT_OBJC_ISA_USAGE = YES_ERROR;
				CLANG_WARN_DOCUMENTATION_COMMENTS = YES;
				CLANG_WARN_EMPTY_BODY = YES;
				CLANG_WARN_ENUM_CONVERSION = YES;
				CLANG_WARN_INFINITE_RECURSION = YES;
				CLANG_WARN_INT_CONVERSION = YES;
				CLANG_WARN_NON_LITERAL_NULL_CONVERSION = YES;
				CLANG_WARN_OBJC_IMPLICIT_RETAIN_SELF = YES;
				CLANG_WARN_OBJC_LITERAL_CONVERSION = YES;
				CLANG_WARN_OBJC_ROOT_CLASS = YES_ERROR;
				CLANG_WARN_QUOTED_INCLUDE_IN_FRAMEWORK_HEADER = YES;
				CLANG_WARN_RANGE_LOOP_ANALYSIS = YES;
				CLANG_WARN_STRICT_PROTOTYPES = YES;
				CLANG_WARN_SUSPICIOUS_MOVE = YES;
				CLANG_WARN_UNGUARDED_AVAILABILITY = YES_AGGRESSIVE;
				CLANG_WARN_UNREACHABLE_CODE = YES;
				CLANG_WARN__DUPLICATE_METHOD_MATCH = YES;
				COPY_PHASE_STRIP = NO;
				DEBUG_INFORMATION_FORMAT = dwarf;
				ENABLE_STRICT_OBJC_MSGSEND = YES;
				ENABLE_TESTABILITY = YES;
				ENABLE_USER_SCRIPT_SANDBOXING = YES;
				GCC_C_LANGUAGE_STANDARD = gnu17;
				GCC_DYNAMIC_NO_PIC = NO;
				GCC_NO_COMMON_BLOCKS = YES;
				GCC_OPTIMIZATION_LEVEL = 0;
				GCC_PREPROCESSOR_DEFINITIONS = (
					"DEBUG=1",
					"$(inherited)",
				);
				GCC_WARN_64_TO_32_BIT_CONVERSION = YES;
				GCC_WARN_ABOUT_RETURN_TYPE = YES_ERROR;
				GCC_WARN_UNDECLARED_SELECTOR = YES;
				GCC_WARN_UNINITIALIZED_AUTOS = YES_AGGRESSIVE;
				GCC_WARN_UNUSED_FUNCTION = YES;
				GCC_WARN_UNUSED_VARIABLE = YES;
				IPHONEOS_DEPLOYMENT_TARGET = 17.2;
				LOCALIZATION_PREFERS_STRING_CATALOGS = YES;
				MTL_ENABLE_DEBUG_INFO = INCLUDE_SOURCE;
				MTL_FAST_MATH = YES;
				ONLY_ACTIVE_ARCH = YES;
				SDKROOT = iphoneos;
				SWIFT_ACTIVE_COMPILATION_CONDITIONS = "DEBUG $(inherited)";
				SWIFT_OPTIMIZATION_LEVEL = "-Onone";
			};
			name = Debug;
		};
		FCABFF292B7545A3003215FC /* Release */ = {
			isa = XCBuildConfiguration;
			buildSettings = {
				ALWAYS_SEARCH_USER_PATHS = NO;
				ASSETCATALOG_COMPILER_GENERATE_SWIFT_ASSET_SYMBOL_EXTENSIONS = YES;
				CLANG_ANALYZER_NONNULL = YES;
				CLANG_ANALYZER_NUMBER_OBJECT_CONVERSION = YES_AGGRESSIVE;
				CLANG_CXX_LANGUAGE_STANDARD = "gnu++20";
				CLANG_ENABLE_MODULES = YES;
				CLANG_ENABLE_OBJC_ARC = YES;
				CLANG_ENABLE_OBJC_WEAK = YES;
				CLANG_WARN_BLOCK_CAPTURE_AUTORELEASING = YES;
				CLANG_WARN_BOOL_CONVERSION = YES;
				CLANG_WARN_COMMA = YES;
				CLANG_WARN_CONSTANT_CONVERSION = YES;
				CLANG_WARN_DEPRECATED_OBJC_IMPLEMENTATIONS = YES;
				CLANG_WARN_DIRECT_OBJC_ISA_USAGE = YES_ERROR;
				CLANG_WARN_DOCUMENTATION_COMMENTS = YES;
				CLANG_WARN_EMPTY_BODY = YES;
				CLANG_WARN_ENUM_CONVERSION = YES;
				CLANG_WARN_INFINITE_RECURSION = YES;
				CLANG_WARN_INT_CONVERSION = YES;
				CLANG_WARN_NON_LITERAL_NULL_CONVERSION = YES;
				CLANG_WARN_OBJC_IMPLICIT_RETAIN_SELF = YES;
				CLANG_WARN_OBJC_LITERAL_CONVERSION = YES;
				CLANG_WARN_OBJC_ROOT_CLASS = YES_ERROR;
				CLANG_WARN_QUOTED_INCLUDE_IN_FRAMEWORK_HEADER = YES;
				CLANG_WARN_RANGE_LOOP_ANALYSIS = YES;
				CLANG_WARN_STRICT_PROTOTYPES = YES;
				CLANG_WARN_SUSPICIOUS_MOVE = YES;
				CLANG_WARN_UNGUARDED_AVAILABILITY = YES_AGGRESSIVE;
				CLANG_WARN_UNREACHABLE_CODE = YES;
				CLANG_WARN__DUPLICATE_METHOD_MATCH = YES;
				COPY_PHASE_STRIP = NO;
				DEBUG_INFORMATION_FORMAT = "dwarf-with-dsym";
				ENABLE_NS_ASSERTIONS = NO;
				ENABLE_STRICT_OBJC_MSGSEND = YES;
				ENABLE_USER_SCRIPT_SANDBOXING = YES;
				GCC_C_LANGUAGE_STANDARD = gnu17;
				GCC_NO_COMMON_BLOCKS = YES;
				GCC_WARN_64_TO_32_BIT_CONVERSION = YES;
				GCC_WARN_ABOUT_RETURN_TYPE = YES_ERROR;
				GCC_WARN_UNDECLARED_SELECTOR = YES;
				GCC_WARN_UNINITIALIZED_AUTOS = YES_AGGRESSIVE;
				GCC_WARN_UNUSED_FUNCTION = YES;
				GCC_WARN_UNUSED_VARIABLE = YES;
				IPHONEOS_DEPLOYMENT_TARGET = 17.2;
				LOCALIZATION_PREFERS_STRING_CATALOGS = YES;
				MTL_ENABLE_DEBUG_INFO = NO;
				MTL_FAST_MATH = YES;
				SDKROOT = iphoneos;
				SWIFT_COMPILATION_MODE = wholemodule;
				VALIDATE_PRODUCT = YES;
			};
			name = Release;
		};
		FCABFF2B2B7545A3003215FC /* Debug */ = {
			isa = XCBuildConfiguration;
			buildSettings = {
				ASSETCATALOG_COMPILER_APPICON_NAME = AppIcon;
				ASSETCATALOG_COMPILER_GLOBAL_ACCENT_COLOR_NAME = AccentColor;
				CODE_SIGN_STYLE = Automatic;
				CURRENT_PROJECT_VERSION = 1;
				DEVELOPMENT_ASSET_PATHS = "\"MultiplicationGame/Preview Content\"";
				ENABLE_PREVIEWS = YES;
				GENERATE_INFOPLIST_FILE = YES;
				INFOPLIST_KEY_UIApplicationSceneManifest_Generation = YES;
				INFOPLIST_KEY_UIApplicationSupportsIndirectInputEvents = YES;
				INFOPLIST_KEY_UILaunchScreen_Generation = YES;
				INFOPLIST_KEY_UISupportedInterfaceOrientations_iPad = "UIInterfaceOrientationPortrait UIInterfaceOrientationPortraitUpsideDown UIInterfaceOrientationLandscapeLeft UIInterfaceOrientationLandscapeRight";
				INFOPLIST_KEY_UISupportedInterfaceOrientations_iPhone = "UIInterfaceOrientationPortrait UIInterfaceOrientationLandscapeLeft UIInterfaceOrientationLandscapeRight";
				LD_RUNPATH_SEARCH_PATHS = (
					"$(inherited)",
					"@executable_path/Frameworks",
				);
				MARKETING_VERSION = 1.0;
				PRODUCT_BUNDLE_IDENTIFIER = me.Stanton.David.MultiplicationGame;
				PRODUCT_NAME = "$(TARGET_NAME)";
				SWIFT_EMIT_LOC_STRINGS = YES;
				SWIFT_VERSION = 5.0;
				TARGETED_DEVICE_FAMILY = "1,2";
			};
			name = Debug;
		};
		FCABFF2C2B7545A3003215FC /* Release */ = {
			isa = XCBuildConfiguration;
			buildSettings = {
				ASSETCATALOG_COMPILER_APPICON_NAME = AppIcon;
				ASSETCATALOG_COMPILER_GLOBAL_ACCENT_COLOR_NAME = AccentColor;
				CODE_SIGN_STYLE = Automatic;
				CURRENT_PROJECT_VERSION = 1;
				DEVELOPMENT_ASSET_PATHS = "\"MultiplicationGame/Preview Content\"";
				ENABLE_PREVIEWS = YES;
				GENERATE_INFOPLIST_FILE = YES;
				INFOPLIST_KEY_UIApplicationSceneManifest_Generation = YES;
				INFOPLIST_KEY_UIApplicationSupportsIndirectInputEvents = YES;
				INFOPLIST_KEY_UILaunchScreen_Generation = YES;
				INFOPLIST_KEY_UISupportedInterfaceOrientations_iPad = "UIInterfaceOrientationPortrait UIInterfaceOrientationPortraitUpsideDown UIInterfaceOrientationLandscapeLeft UIInterfaceOrientationLandscapeRight";
				INFOPLIST_KEY_UISupportedInterfaceOrientations_iPhone = "UIInterfaceOrientationPortrait UIInterfaceOrientationLandscapeLeft UIInterfaceOrientationLandscapeRight";
				LD_RUNPATH_SEARCH_PATHS = (
					"$(inherited)",
					"@executable_path/Frameworks",
				);
				MARKETING_VERSION = 1.0;
				PRODUCT_BUNDLE_IDENTIFIER = me.Stanton.David.MultiplicationGame;
				PRODUCT_NAME = "$(TARGET_NAME)";
				SWIFT_EMIT_LOC_STRINGS = YES;
				SWIFT_VERSION = 5.0;
				TARGETED_DEVICE_FAMILY = "1,2";
			};
			name = Release;
		};
/* End XCBuildConfiguration section */

/* Begin XCConfigurationList section */
		FCABFF172B7545A2003215FC /* Build configuration list for PBXProject "MultiplicationGame" */ = {
			isa = XCConfigurationList;
			buildConfigurations = (
				FCABFF282B7545A3003215FC /* Debug */,
				FCABFF292B7545A3003215FC /* Release */,
			);
			defaultConfigurationIsVisible = 0;
			defaultConfigurationName = Release;
		};
		FCABFF2A2B7545A3003215FC /* Build configuration list for PBXNativeTarget "MultiplicationGame" */ = {
			isa = XCConfigurationList;
			buildConfigurations = (
				FCABFF2B2B7545A3003215FC /* Debug */,
				FCABFF2C2B7545A3003215FC /* Release */,
			);
			defaultConfigurationIsVisible = 0;
			defaultConfigurationName = Release;
		};
/* End XCConfigurationList section */
	};
	rootObject = FCABFF142B7545A2003215FC /* Project object */;
}
