// !$*UTF8*$!
{
	archiveVersion = 1;
	classes = {
	};
	objectVersion = 56;
	objects = {

/* Begin PBXBuildFile section */
		FC2EAB352B72967100E8D9C1 /* AnimationStack.swift in Sources */ = {isa = PBXBuildFile; fileRef = FC2EAB342B72967100E8D9C1 /* AnimationStack.swift */; };
		FC2EAB372B729BDB00E8D9C1 /* AnimationGestures.swift in Sources */ = {isa = PBXBuildFile; fileRef = FC2EAB362B729BDB00E8D9C1 /* AnimationGestures.swift */; };
		FC2EAB392B73205E00E8D9C1 /* Transitions.swift in Sources */ = {isa = PBXBuildFile; fileRef = FC2EAB382B73205E00E8D9C1 /* Transitions.swift */; };
		FC2EAB3B2B73215400E8D9C1 /* CustomTransitions.swift in Sources */ = {isa = PBXBuildFile; fileRef = FC2EAB3A2B73215400E8D9C1 /* CustomTransitions.swift */; };
		FC3E26452B714B0B00F8493D /* AnimationsApp.swift in Sources */ = {isa = PBXBuildFile; fileRef = FC3E26442B714B0B00F8493D /* AnimationsApp.swift */; };
		FC3E26472B714B0B00F8493D /* ContentView.swift in Sources */ = {isa = PBXBuildFile; fileRef = FC3E26462B714B0B00F8493D /* ContentView.swift */; };
		FC3E26492B714B0B00F8493D /* Assets.xcassets in Resources */ = {isa = PBXBuildFile; fileRef = FC3E26482B714B0B00F8493D /* Assets.xcassets */; };
		FC3E264C2B714B0B00F8493D /* Preview Assets.xcassets in Resources */ = {isa = PBXBuildFile; fileRef = FC3E264B2B714B0B00F8493D /* Preview Assets.xcassets */; };
		FC3E26532B714B6900F8493D /* ImplicitAnimations.swift in Sources */ = {isa = PBXBuildFile; fileRef = FC3E26522B714B6900F8493D /* ImplicitAnimations.swift */; };
		FC3E26552B7150E500F8493D /* AnimationPractice_1.swift in Sources */ = {isa = PBXBuildFile; fileRef = FC3E26542B7150E500F8493D /* AnimationPractice_1.swift */; };
		FC45CBA52B71F64000481882 /* AnimationBinding.swift in Sources */ = {isa = PBXBuildFile; fileRef = FC45CBA42B71F64000481882 /* AnimationBinding.swift */; };
		FC45CBA72B71F9D200481882 /* ExplicitAnimations.swift in Sources */ = {isa = PBXBuildFile; fileRef = FC45CBA62B71F9D200481882 /* ExplicitAnimations.swift */; };
		FC5557042B73E5A3008DA84D /* CustomTransition_Practice.swift in Sources */ = {isa = PBXBuildFile; fileRef = FC5557032B73E5A3008DA84D /* CustomTransition_Practice.swift */; };
		FCB009D02B735983002687C8 /* AnimationPractice_2.swift in Sources */ = {isa = PBXBuildFile; fileRef = FCB009CF2B735983002687C8 /* AnimationPractice_2.swift */; };
/* End PBXBuildFile section */

/* Begin PBXFileReference section */
		FC2EAB342B72967100E8D9C1 /* AnimationStack.swift */ = {isa = PBXFileReference; lastKnownFileType = sourcecode.swift; path = AnimationStack.swift; sourceTree = "<group>"; };
		FC2EAB362B729BDB00E8D9C1 /* AnimationGestures.swift */ = {isa = PBXFileReference; lastKnownFileType = sourcecode.swift; path = AnimationGestures.swift; sourceTree = "<group>"; };
		FC2EAB382B73205E00E8D9C1 /* Transitions.swift */ = {isa = PBXFileReference; lastKnownFileType = sourcecode.swift; path = Transitions.swift; sourceTree = "<group>"; };
		FC2EAB3A2B73215400E8D9C1 /* CustomTransitions.swift */ = {isa = PBXFileReference; lastKnownFileType = sourcecode.swift; path = CustomTransitions.swift; sourceTree = "<group>"; };
		FC3E26412B714B0B00F8493D /* Animations.app */ = {isa = PBXFileReference; explicitFileType = wrapper.application; includeInIndex = 0; path = Animations.app; sourceTree = BUILT_PRODUCTS_DIR; };
		FC3E26442B714B0B00F8493D /* AnimationsApp.swift */ = {isa = PBXFileReference; lastKnownFileType = sourcecode.swift; path = AnimationsApp.swift; sourceTree = "<group>"; };
		FC3E26462B714B0B00F8493D /* ContentView.swift */ = {isa = PBXFileReference; lastKnownFileType = sourcecode.swift; path = ContentView.swift; sourceTree = "<group>"; };
		FC3E26482B714B0B00F8493D /* Assets.xcassets */ = {isa = PBXFileReference; lastKnownFileType = folder.assetcatalog; path = Assets.xcassets; sourceTree = "<group>"; };
		FC3E264B2B714B0B00F8493D /* Preview Assets.xcassets */ = {isa = PBXFileReference; lastKnownFileType = folder.assetcatalog; path = "Preview Assets.xcassets"; sourceTree = "<group>"; };
		FC3E26522B714B6900F8493D /* ImplicitAnimations.swift */ = {isa = PBXFileReference; lastKnownFileType = sourcecode.swift; path = ImplicitAnimations.swift; sourceTree = "<group>"; };
		FC3E26542B7150E500F8493D /* AnimationPractice_1.swift */ = {isa = PBXFileReference; lastKnownFileType = sourcecode.swift; path = AnimationPractice_1.swift; sourceTree = "<group>"; };
		FC45CBA42B71F64000481882 /* AnimationBinding.swift */ = {isa = PBXFileReference; lastKnownFileType = sourcecode.swift; path = AnimationBinding.swift; sourceTree = "<group>"; };
		FC45CBA62B71F9D200481882 /* ExplicitAnimations.swift */ = {isa = PBXFileReference; lastKnownFileType = sourcecode.swift; path = ExplicitAnimations.swift; sourceTree = "<group>"; };
		FC5557032B73E5A3008DA84D /* CustomTransition_Practice.swift */ = {isa = PBXFileReference; lastKnownFileType = sourcecode.swift; path = CustomTransition_Practice.swift; sourceTree = "<group>"; };
		FCB009CF2B735983002687C8 /* AnimationPractice_2.swift */ = {isa = PBXFileReference; lastKnownFileType = sourcecode.swift; path = AnimationPractice_2.swift; sourceTree = "<group>"; };
/* End PBXFileReference section */

/* Begin PBXFrameworksBuildPhase section */
		FC3E263E2B714B0B00F8493D /* Frameworks */ = {
			isa = PBXFrameworksBuildPhase;
			buildActionMask = 2147483647;
			files = (
			);
			runOnlyForDeploymentPostprocessing = 0;
		};
/* End PBXFrameworksBuildPhase section */

/* Begin PBXGroup section */
		FC3E26382B714B0B00F8493D = {
			isa = PBXGroup;
			children = (
				FC3E26432B714B0B00F8493D /* Animations */,
				FC3E26422B714B0B00F8493D /* Products */,
			);
			sourceTree = "<group>";
		};
		FC3E26422B714B0B00F8493D /* Products */ = {
			isa = PBXGroup;
			children = (
				FC3E26412B714B0B00F8493D /* Animations.app */,
			);
			name = Products;
			sourceTree = "<group>";
		};
		FC3E26432B714B0B00F8493D /* Animations */ = {
			isa = PBXGroup;
			children = (
				FC3E26442B714B0B00F8493D /* AnimationsApp.swift */,
				FC3E26462B714B0B00F8493D /* ContentView.swift */,
				FC3E26522B714B6900F8493D /* ImplicitAnimations.swift */,
				FC3E26542B7150E500F8493D /* AnimationPractice_1.swift */,
				FCB009CF2B735983002687C8 /* AnimationPractice_2.swift */,
				FC2EAB342B72967100E8D9C1 /* AnimationStack.swift */,
				FC2EAB362B729BDB00E8D9C1 /* AnimationGestures.swift */,
				FC2EAB382B73205E00E8D9C1 /* Transitions.swift */,
				FC2EAB3A2B73215400E8D9C1 /* CustomTransitions.swift */,
				FC5557032B73E5A3008DA84D /* CustomTransition_Practice.swift */,
				FC45CBA42B71F64000481882 /* AnimationBinding.swift */,
				FC45CBA62B71F9D200481882 /* ExplicitAnimations.swift */,
				FC3E26482B714B0B00F8493D /* Assets.xcassets */,
				FC3E264A2B714B0B00F8493D /* Preview Content */,
			);
			path = Animations;
			sourceTree = "<group>";
		};
		FC3E264A2B714B0B00F8493D /* Preview Content */ = {
			isa = PBXGroup;
			children = (
				FC3E264B2B714B0B00F8493D /* Preview Assets.xcassets */,
			);
			path = "Preview Content";
			sourceTree = "<group>";
		};
/* End PBXGroup section */

/* Begin PBXNativeTarget section */
		FC3E26402B714B0B00F8493D /* Animations */ = {
			isa = PBXNativeTarget;
			buildConfigurationList = FC3E264F2B714B0B00F8493D /* Build configuration list for PBXNativeTarget "Animations" */;
			buildPhases = (
				FC3E263D2B714B0B00F8493D /* Sources */,
				FC3E263E2B714B0B00F8493D /* Frameworks */,
				FC3E263F2B714B0B00F8493D /* Resources */,
			);
			buildRules = (
			);
			dependencies = (
			);
			name = Animations;
			productName = Animations;
			productReference = FC3E26412B714B0B00F8493D /* Animations.app */;
			productType = "com.apple.product-type.application";
		};
/* End PBXNativeTarget section */

/* Begin PBXProject section */
		FC3E26392B714B0B00F8493D /* Project object */ = {
			isa = PBXProject;
			attributes = {
				BuildIndependentTargetsInParallel = 1;
				LastSwiftUpdateCheck = 1510;
				LastUpgradeCheck = 1510;
				TargetAttributes = {
					FC3E26402B714B0B00F8493D = {
						CreatedOnToolsVersion = 15.1;
					};
				};
			};
			buildConfigurationList = FC3E263C2B714B0B00F8493D /* Build configuration list for PBXProject "Animations" */;
			compatibilityVersion = "Xcode 14.0";
			developmentRegion = en;
			hasScannedForEncodings = 0;
			knownRegions = (
				en,
				Base,
			);
			mainGroup = FC3E26382B714B0B00F8493D;
			productRefGroup = FC3E26422B714B0B00F8493D /* Products */;
			projectDirPath = "";
			projectRoot = "";
			targets = (
				FC3E26402B714B0B00F8493D /* Animations */,
			);
		};
/* End PBXProject section */

/* Begin PBXResourcesBuildPhase section */
		FC3E263F2B714B0B00F8493D /* Resources */ = {
			isa = PBXResourcesBuildPhase;
			buildActionMask = 2147483647;
			files = (
				FC3E264C2B714B0B00F8493D /* Preview Assets.xcassets in Resources */,
				FC3E26492B714B0B00F8493D /* Assets.xcassets in Resources */,
			);
			runOnlyForDeploymentPostprocessing = 0;
		};
/* End PBXResourcesBuildPhase section */

/* Begin PBXSourcesBuildPhase section */
		FC3E263D2B714B0B00F8493D /* Sources */ = {
			isa = PBXSourcesBuildPhase;
			buildActionMask = 2147483647;
			files = (
				FC3E26532B714B6900F8493D /* ImplicitAnimations.swift in Sources */,
				FC3E26472B714B0B00F8493D /* ContentView.swift in Sources */,
				FC3E26452B714B0B00F8493D /* AnimationsApp.swift in Sources */,
				FC2EAB392B73205E00E8D9C1 /* Transitions.swift in Sources */,
				FCB009D02B735983002687C8 /* AnimationPractice_2.swift in Sources */,
				FC3E26552B7150E500F8493D /* AnimationPractice_1.swift in Sources */,
				FC5557042B73E5A3008DA84D /* CustomTransition_Practice.swift in Sources */,
				FC2EAB372B729BDB00E8D9C1 /* AnimationGestures.swift in Sources */,
				FC2EAB352B72967100E8D9C1 /* AnimationStack.swift in Sources */,
				FC45CBA72B71F9D200481882 /* ExplicitAnimations.swift in Sources */,
				FC45CBA52B71F64000481882 /* AnimationBinding.swift in Sources */,
				FC2EAB3B2B73215400E8D9C1 /* CustomTransitions.swift in Sources */,
			);
			runOnlyForDeploymentPostprocessing = 0;
		};
/* End PBXSourcesBuildPhase section */

/* Begin XCBuildConfiguration section */
		FC3E264D2B714B0B00F8493D /* Debug */ = {
			isa = XCBuildConfiguration;
			buildSettings = {
				ALWAYS_SEARCH_USER_PATHS = NO;
				ASSETCATALOG_COMPILER_GENERATE_SWIFT_ASSET_SYMBOL_EXTENSIONS = YES;
				CLANG_ANALYZER_NONNULL = YES;
				CLANG_ANALYZER_NUMBER_OBJECT_CONVERSION = YES_AGGRESSIVE;
				CLANG_CXX_LANGUAGE_STANDARD = "gnu++20";
				CLANG_ENABLE_MODULES = YES;
				CLANG_ENABLE_OBJC_ARC = YES;
				CLANG_ENABLE_OBJC_WEAK = YES;
				CLANG_WARN_BLOCK_CAPTURE_AUTORELEASING = YES;
				CLANG_WARN_BOOL_CONVERSION = YES;
				CLANG_WARN_COMMA = YES;
				CLANG_WARN_CONSTANT_CONVERSION = YES;
				CLANG_WARN_DEPRECATED_OBJC_IMPLEMENTATIONS = YES;
				CLANG_WARN_DIRECT_OBJC_ISA_USAGE = YES_ERROR;
				CLANG_WARN_DOCUMENTATION_COMMENTS = YES;
				CLANG_WARN_EMPTY_BODY = YES;
				CLANG_WARN_ENUM_CONVERSION = YES;
				CLANG_WARN_INFINITE_RECURSION = YES;
				CLANG_WARN_INT_CONVERSION = YES;
				CLANG_WARN_NON_LITERAL_NULL_CONVERSION = YES;
				CLANG_WARN_OBJC_IMPLICIT_RETAIN_SELF = YES;
				CLANG_WARN_OBJC_LITERAL_CONVERSION = YES;
				CLANG_WARN_OBJC_ROOT_CLASS = YES_ERROR;
				CLANG_WARN_QUOTED_INCLUDE_IN_FRAMEWORK_HEADER = YES;
				CLANG_WARN_RANGE_LOOP_ANALYSIS = YES;
				CLANG_WARN_STRICT_PROTOTYPES = YES;
				CLANG_WARN_SUSPICIOUS_MOVE = YES;
				CLANG_WARN_UNGUARDED_AVAILABILITY = YES_AGGRESSIVE;
				CLANG_WARN_UNREACHABLE_CODE = YES;
				CLANG_WARN__DUPLICATE_METHOD_MATCH = YES;
				COPY_PHASE_STRIP = NO;
				DEBUG_INFORMATION_FORMAT = dwarf;
				ENABLE_STRICT_OBJC_MSGSEND = YES;
				ENABLE_TESTABILITY = YES;
				ENABLE_USER_SCRIPT_SANDBOXING = YES;
				GCC_C_LANGUAGE_STANDARD = gnu17;
				GCC_DYNAMIC_NO_PIC = NO;
				GCC_NO_COMMON_BLOCKS = YES;
				GCC_OPTIMIZATION_LEVEL = 0;
				GCC_PREPROCESSOR_DEFINITIONS = (
					"DEBUG=1",
					"$(inherited)",
				);
				GCC_WARN_64_TO_32_BIT_CONVERSION = YES;
				GCC_WARN_ABOUT_RETURN_TYPE = YES_ERROR;
				GCC_WARN_UNDECLARED_SELECTOR = YES;
				GCC_WARN_UNINITIALIZED_AUTOS = YES_AGGRESSIVE;
				GCC_WARN_UNUSED_FUNCTION = YES;
				GCC_WARN_UNUSED_VARIABLE = YES;
				IPHONEOS_DEPLOYMENT_TARGET = 17.2;
				LOCALIZATION_PREFERS_STRING_CATALOGS = YES;
				MTL_ENABLE_DEBUG_INFO = INCLUDE_SOURCE;
				MTL_FAST_MATH = YES;
				ONLY_ACTIVE_ARCH = YES;
				SDKROOT = iphoneos;
				SWIFT_ACTIVE_COMPILATION_CONDITIONS = "DEBUG $(inherited)";
				SWIFT_OPTIMIZATION_LEVEL = "-Onone";
			};
			name = Debug;
		};
		FC3E264E2B714B0B00F8493D /* Release */ = {
			isa = XCBuildConfiguration;
			buildSettings = {
				ALWAYS_SEARCH_USER_PATHS = NO;
				ASSETCATALOG_COMPILER_GENERATE_SWIFT_ASSET_SYMBOL_EXTENSIONS = YES;
				CLANG_ANALYZER_NONNULL = YES;
				CLANG_ANALYZER_NUMBER_OBJECT_CONVERSION = YES_AGGRESSIVE;
				CLANG_CXX_LANGUAGE_STANDARD = "gnu++20";
				CLANG_ENABLE_MODULES = YES;
				CLANG_ENABLE_OBJC_ARC = YES;
				CLANG_ENABLE_OBJC_WEAK = YES;
				CLANG_WARN_BLOCK_CAPTURE_AUTORELEASING = YES;
				CLANG_WARN_BOOL_CONVERSION = YES;
				CLANG_WARN_COMMA = YES;
				CLANG_WARN_CONSTANT_CONVERSION = YES;
				CLANG_WARN_DEPRECATED_OBJC_IMPLEMENTATIONS = YES;
				CLANG_WARN_DIRECT_OBJC_ISA_USAGE = YES_ERROR;
				CLANG_WARN_DOCUMENTATION_COMMENTS = YES;
				CLANG_WARN_EMPTY_BODY = YES;
				CLANG_WARN_ENUM_CONVERSION = YES;
				CLANG_WARN_INFINITE_RECURSION = YES;
				CLANG_WARN_INT_CONVERSION = YES;
				CLANG_WARN_NON_LITERAL_NULL_CONVERSION = YES;
				CLANG_WARN_OBJC_IMPLICIT_RETAIN_SELF = YES;
				CLANG_WARN_OBJC_LITERAL_CONVERSION = YES;
				CLANG_WARN_OBJC_ROOT_CLASS = YES_ERROR;
				CLANG_WARN_QUOTED_INCLUDE_IN_FRAMEWORK_HEADER = YES;
				CLANG_WARN_RANGE_LOOP_ANALYSIS = YES;
				CLANG_WARN_STRICT_PROTOTYPES = YES;
				CLANG_WARN_SUSPICIOUS_MOVE = YES;
				CLANG_WARN_UNGUARDED_AVAILABILITY = YES_AGGRESSIVE;
				CLANG_WARN_UNREACHABLE_CODE = YES;
				CLANG_WARN__DUPLICATE_METHOD_MATCH = YES;
				COPY_PHASE_STRIP = NO;
				DEBUG_INFORMATION_FORMAT = "dwarf-with-dsym";
				ENABLE_NS_ASSERTIONS = NO;
				ENABLE_STRICT_OBJC_MSGSEND = YES;
				ENABLE_USER_SCRIPT_SANDBOXING = YES;
				GCC_C_LANGUAGE_STANDARD = gnu17;
				GCC_NO_COMMON_BLOCKS = YES;
				GCC_WARN_64_TO_32_BIT_CONVERSION = YES;
				GCC_WARN_ABOUT_RETURN_TYPE = YES_ERROR;
				GCC_WARN_UNDECLARED_SELECTOR = YES;
				GCC_WARN_UNINITIALIZED_AUTOS = YES_AGGRESSIVE;
				GCC_WARN_UNUSED_FUNCTION = YES;
				GCC_WARN_UNUSED_VARIABLE = YES;
				IPHONEOS_DEPLOYMENT_TARGET = 17.2;
				LOCALIZATION_PREFERS_STRING_CATALOGS = YES;
				MTL_ENABLE_DEBUG_INFO = NO;
				MTL_FAST_MATH = YES;
				SDKROOT = iphoneos;
				SWIFT_COMPILATION_MODE = wholemodule;
				VALIDATE_PRODUCT = YES;
			};
			name = Release;
		};
		FC3E26502B714B0B00F8493D /* Debug */ = {
			isa = XCBuildConfiguration;
			buildSettings = {
				ASSETCATALOG_COMPILER_APPICON_NAME = AppIcon;
				ASSETCATALOG_COMPILER_GLOBAL_ACCENT_COLOR_NAME = AccentColor;
				CODE_SIGN_STYLE = Automatic;
				CURRENT_PROJECT_VERSION = 1;
				DEVELOPMENT_ASSET_PATHS = "\"Animations/Preview Content\"";
				ENABLE_PREVIEWS = YES;
				GENERATE_INFOPLIST_FILE = YES;
				INFOPLIST_KEY_UIApplicationSceneManifest_Generation = YES;
				INFOPLIST_KEY_UIApplicationSupportsIndirectInputEvents = YES;
				INFOPLIST_KEY_UILaunchScreen_Generation = YES;
				INFOPLIST_KEY_UISupportedInterfaceOrientations_iPad = "UIInterfaceOrientationPortrait UIInterfaceOrientationPortraitUpsideDown UIInterfaceOrientationLandscapeLeft UIInterfaceOrientationLandscapeRight";
				INFOPLIST_KEY_UISupportedInterfaceOrientations_iPhone = "UIInterfaceOrientationPortrait UIInterfaceOrientationLandscapeLeft UIInterfaceOrientationLandscapeRight";
				LD_RUNPATH_SEARCH_PATHS = (
					"$(inherited)",
					"@executable_path/Frameworks",
				);
				MARKETING_VERSION = 1.0;
				PRODUCT_BUNDLE_IDENTIFIER = me.Stanton.David.Animations;
				PRODUCT_NAME = "$(TARGET_NAME)";
				SWIFT_EMIT_LOC_STRINGS = YES;
				SWIFT_VERSION = 5.0;
				TARGETED_DEVICE_FAMILY = "1,2";
			};
			name = Debug;
		};
		FC3E26512B714B0B00F8493D /* Release */ = {
			isa = XCBuildConfiguration;
			buildSettings = {
				ASSETCATALOG_COMPILER_APPICON_NAME = AppIcon;
				ASSETCATALOG_COMPILER_GLOBAL_ACCENT_COLOR_NAME = AccentColor;
				CODE_SIGN_STYLE = Automatic;
				CURRENT_PROJECT_VERSION = 1;
				DEVELOPMENT_ASSET_PATHS = "\"Animations/Preview Content\"";
				ENABLE_PREVIEWS = YES;
				GENERATE_INFOPLIST_FILE = YES;
				INFOPLIST_KEY_UIApplicationSceneManifest_Generation = YES;
				INFOPLIST_KEY_UIApplicationSupportsIndirectInputEvents = YES;
				INFOPLIST_KEY_UILaunchScreen_Generation = YES;
				INFOPLIST_KEY_UISupportedInterfaceOrientations_iPad = "UIInterfaceOrientationPortrait UIInterfaceOrientationPortraitUpsideDown UIInterfaceOrientationLandscapeLeft UIInterfaceOrientationLandscapeRight";
				INFOPLIST_KEY_UISupportedInterfaceOrientations_iPhone = "UIInterfaceOrientationPortrait UIInterfaceOrientationLandscapeLeft UIInterfaceOrientationLandscapeRight";
				LD_RUNPATH_SEARCH_PATHS = (
					"$(inherited)",
					"@executable_path/Frameworks",
				);
				MARKETING_VERSION = 1.0;
				PRODUCT_BUNDLE_IDENTIFIER = me.Stanton.David.Animations;
				PRODUCT_NAME = "$(TARGET_NAME)";
				SWIFT_EMIT_LOC_STRINGS = YES;
				SWIFT_VERSION = 5.0;
				TARGETED_DEVICE_FAMILY = "1,2";
			};
			name = Release;
		};
/* End XCBuildConfiguration section */

/* Begin XCConfigurationList section */
		FC3E263C2B714B0B00F8493D /* Build configuration list for PBXProject "Animations" */ = {
			isa = XCConfigurationList;
			buildConfigurations = (
				FC3E264D2B714B0B00F8493D /* Debug */,
				FC3E264E2B714B0B00F8493D /* Release */,
			);
			defaultConfigurationIsVisible = 0;
			defaultConfigurationName = Release;
		};
		FC3E264F2B714B0B00F8493D /* Build configuration list for PBXNativeTarget "Animations" */ = {
			isa = XCConfigurationList;
			buildConfigurations = (
				FC3E26502B714B0B00F8493D /* Debug */,
				FC3E26512B714B0B00F8493D /* Release */,
			);
			defaultConfigurationIsVisible = 0;
			defaultConfigurationName = Release;
		};
/* End XCConfigurationList section */
	};
	rootObject = FC3E26392B714B0B00F8493D /* Project object */;
}
